// !$*UTF8*$!
{
	archiveVersion = 1;
	classes = {
	};
	objectVersion = 56;
	objects = {

/* Begin PBXBuildFile section */
		11444B442AC5B43400E1EC2A /* glad.c in Sources */ = {isa = PBXBuildFile; fileRef = 11444B432AC5B43400E1EC2A /* glad.c */; };
		11444B452AC5B43400E1EC2A /* glad.c in Sources */ = {isa = PBXBuildFile; fileRef = 11444B432AC5B43400E1EC2A /* glad.c */; };
		11444B462AC5B43400E1EC2A /* glad.c in Sources */ = {isa = PBXBuildFile; fileRef = 11444B432AC5B43400E1EC2A /* glad.c */; };
		11444B4A2AC5B47F00E1EC2A /* glad.c in Sources */ = {isa = PBXBuildFile; fileRef = 11444B432AC5B43400E1EC2A /* glad.c */; };
		11444B4C2AC5B47F00E1EC2A /* libglfw.3.3.dylib in Frameworks */ = {isa = PBXBuildFile; fileRef = 11E642592AAA06BE00660944 /* libglfw.3.3.dylib */; };
		11444B4D2AC5B47F00E1EC2A /* GLUT.framework in Frameworks */ = {isa = PBXBuildFile; fileRef = 117AB8A42AA9FCB800F17CCF /* GLUT.framework */; };
		11444B4E2AC5B47F00E1EC2A /* GLKit.framework in Frameworks */ = {isa = PBXBuildFile; fileRef = 11E642572AAA03D600660944 /* GLKit.framework */; };
		11444B4F2AC5B47F00E1EC2A /* OpenGL.framework in Frameworks */ = {isa = PBXBuildFile; fileRef = 117AB8A22AA9FCB300F17CCF /* OpenGL.framework */; };
		116749C92AC683F2000D4877 /* glad.c in Sources */ = {isa = PBXBuildFile; fileRef = 11444B432AC5B43400E1EC2A /* glad.c */; };
		116749CB2AC683F2000D4877 /* libglfw.3.3.dylib in Frameworks */ = {isa = PBXBuildFile; fileRef = 11E642592AAA06BE00660944 /* libglfw.3.3.dylib */; };
		116749CC2AC683F2000D4877 /* GLUT.framework in Frameworks */ = {isa = PBXBuildFile; fileRef = 117AB8A42AA9FCB800F17CCF /* GLUT.framework */; };
		116749CD2AC683F2000D4877 /* GLKit.framework in Frameworks */ = {isa = PBXBuildFile; fileRef = 11E642572AAA03D600660944 /* GLKit.framework */; };
		116749CE2AC683F2000D4877 /* OpenGL.framework in Frameworks */ = {isa = PBXBuildFile; fileRef = 117AB8A22AA9FCB300F17CCF /* OpenGL.framework */; };
		116749D42AC68401000D4877 /* main.cpp in Sources */ = {isa = PBXBuildFile; fileRef = 11444B422AC5B3AA00E1EC2A /* main.cpp */; };
		116749D52AC68407000D4877 /* main.cpp in Sources */ = {isa = PBXBuildFile; fileRef = 116749C62AC68393000D4877 /* main.cpp */; };
		116749DB2AC686FE000D4877 /* glad.c in Sources */ = {isa = PBXBuildFile; fileRef = 11444B432AC5B43400E1EC2A /* glad.c */; };
		116749DD2AC686FE000D4877 /* libglfw.3.3.dylib in Frameworks */ = {isa = PBXBuildFile; fileRef = 11E642592AAA06BE00660944 /* libglfw.3.3.dylib */; };
		116749DE2AC686FE000D4877 /* GLUT.framework in Frameworks */ = {isa = PBXBuildFile; fileRef = 117AB8A42AA9FCB800F17CCF /* GLUT.framework */; };
		116749DF2AC686FE000D4877 /* GLKit.framework in Frameworks */ = {isa = PBXBuildFile; fileRef = 11E642572AAA03D600660944 /* GLKit.framework */; };
		116749E02AC686FE000D4877 /* OpenGL.framework in Frameworks */ = {isa = PBXBuildFile; fileRef = 117AB8A22AA9FCB300F17CCF /* OpenGL.framework */; };
		116749E62AC68725000D4877 /* main.cpp in Sources */ = {isa = PBXBuildFile; fileRef = 116749D72AC686EB000D4877 /* main.cpp */; };
		116749EC2AC68CEA000D4877 /* glad.c in Sources */ = {isa = PBXBuildFile; fileRef = 11444B432AC5B43400E1EC2A /* glad.c */; };
		116749EE2AC68CEA000D4877 /* libglfw.3.3.dylib in Frameworks */ = {isa = PBXBuildFile; fileRef = 11E642592AAA06BE00660944 /* libglfw.3.3.dylib */; };
		116749EF2AC68CEA000D4877 /* GLUT.framework in Frameworks */ = {isa = PBXBuildFile; fileRef = 117AB8A42AA9FCB800F17CCF /* GLUT.framework */; };
		116749F02AC68CEA000D4877 /* GLKit.framework in Frameworks */ = {isa = PBXBuildFile; fileRef = 11E642572AAA03D600660944 /* GLKit.framework */; };
		116749F12AC68CEA000D4877 /* OpenGL.framework in Frameworks */ = {isa = PBXBuildFile; fileRef = 117AB8A22AA9FCB300F17CCF /* OpenGL.framework */; };
		116749F72AC68CF7000D4877 /* main.cpp in Sources */ = {isa = PBXBuildFile; fileRef = 116749E82AC68CD2000D4877 /* main.cpp */; };
		11674A022AC6A734000D4877 /* glad.c in Sources */ = {isa = PBXBuildFile; fileRef = 11444B432AC5B43400E1EC2A /* glad.c */; };
		11674A042AC6A734000D4877 /* libglfw.3.3.dylib in Frameworks */ = {isa = PBXBuildFile; fileRef = 11E642592AAA06BE00660944 /* libglfw.3.3.dylib */; };
		11674A052AC6A734000D4877 /* GLUT.framework in Frameworks */ = {isa = PBXBuildFile; fileRef = 117AB8A42AA9FCB800F17CCF /* GLUT.framework */; };
		11674A062AC6A734000D4877 /* GLKit.framework in Frameworks */ = {isa = PBXBuildFile; fileRef = 11E642572AAA03D600660944 /* GLKit.framework */; };
		11674A072AC6A734000D4877 /* OpenGL.framework in Frameworks */ = {isa = PBXBuildFile; fileRef = 117AB8A22AA9FCB300F17CCF /* OpenGL.framework */; };
		11674A0D2AC6A746000D4877 /* main.cpp in Sources */ = {isa = PBXBuildFile; fileRef = 116749FC2AC6A617000D4877 /* main.cpp */; };
		11674A0F2AC6A808000D4877 /* shader_s.h in Sources */ = {isa = PBXBuildFile; fileRef = 116749F92AC69590000D4877 /* shader_s.h */; };
		117AB8A32AA9FCB300F17CCF /* OpenGL.framework in Frameworks */ = {isa = PBXBuildFile; fileRef = 117AB8A22AA9FCB300F17CCF /* OpenGL.framework */; };
		117AB8A52AA9FCB800F17CCF /* GLUT.framework in Frameworks */ = {isa = PBXBuildFile; fileRef = 117AB8A42AA9FCB800F17CCF /* GLUT.framework */; };
		11AD40A22AC5640F00AFD722 /* libglfw.3.3.dylib in Frameworks */ = {isa = PBXBuildFile; fileRef = 11E642592AAA06BE00660944 /* libglfw.3.3.dylib */; };
		11AD40A32AC5640F00AFD722 /* GLUT.framework in Frameworks */ = {isa = PBXBuildFile; fileRef = 117AB8A42AA9FCB800F17CCF /* GLUT.framework */; };
		11AD40A42AC5640F00AFD722 /* GLKit.framework in Frameworks */ = {isa = PBXBuildFile; fileRef = 11E642572AAA03D600660944 /* GLKit.framework */; };
		11AD40A52AC5640F00AFD722 /* OpenGL.framework in Frameworks */ = {isa = PBXBuildFile; fileRef = 117AB8A22AA9FCB300F17CCF /* OpenGL.framework */; };
		11AD40AB2AC5642600AFD722 /* main.cpp in Sources */ = {isa = PBXBuildFile; fileRef = 11AD409C2AC563DE00AFD722 /* main.cpp */; };
		11D3209A2AC33CAC00A19363 /* libglfw.3.3.dylib in Frameworks */ = {isa = PBXBuildFile; fileRef = 11E642592AAA06BE00660944 /* libglfw.3.3.dylib */; };
		11D3209B2AC33CAC00A19363 /* GLUT.framework in Frameworks */ = {isa = PBXBuildFile; fileRef = 117AB8A42AA9FCB800F17CCF /* GLUT.framework */; };
		11D3209C2AC33CAC00A19363 /* GLKit.framework in Frameworks */ = {isa = PBXBuildFile; fileRef = 11E642572AAA03D600660944 /* GLKit.framework */; };
		11D3209D2AC33CAC00A19363 /* OpenGL.framework in Frameworks */ = {isa = PBXBuildFile; fileRef = 117AB8A22AA9FCB300F17CCF /* OpenGL.framework */; };
		11D320A52AC33CFF00A19363 /* main.cpp in Sources */ = {isa = PBXBuildFile; fileRef = 11D320A42AC33CFF00A19363 /* main.cpp */; };
		11E642582AAA03D600660944 /* GLKit.framework in Frameworks */ = {isa = PBXBuildFile; fileRef = 11E642572AAA03D600660944 /* GLKit.framework */; };
		11E6425A2AAA06BE00660944 /* libglfw.3.3.dylib in Frameworks */ = {isa = PBXBuildFile; fileRef = 11E642592AAA06BE00660944 /* libglfw.3.3.dylib */; };
/* End PBXBuildFile section */

/* Begin PBXCopyFilesBuildPhase section */
		11444B502AC5B47F00E1EC2A /* CopyFiles */ = {
			isa = PBXCopyFilesBuildPhase;
			buildActionMask = 2147483647;
			dstPath = /usr/share/man/man1/;
			dstSubfolderSpec = 0;
			files = (
			);
			runOnlyForDeploymentPostprocessing = 1;
		};
		116749CF2AC683F2000D4877 /* CopyFiles */ = {
			isa = PBXCopyFilesBuildPhase;
			buildActionMask = 2147483647;
			dstPath = /usr/share/man/man1/;
			dstSubfolderSpec = 0;
			files = (
			);
			runOnlyForDeploymentPostprocessing = 1;
		};
		116749E12AC686FE000D4877 /* CopyFiles */ = {
			isa = PBXCopyFilesBuildPhase;
			buildActionMask = 2147483647;
			dstPath = /usr/share/man/man1/;
			dstSubfolderSpec = 0;
			files = (
			);
			runOnlyForDeploymentPostprocessing = 1;
		};
		116749F22AC68CEA000D4877 /* CopyFiles */ = {
			isa = PBXCopyFilesBuildPhase;
			buildActionMask = 2147483647;
			dstPath = /usr/share/man/man1/;
			dstSubfolderSpec = 0;
			files = (
			);
			runOnlyForDeploymentPostprocessing = 1;
		};
		11674A082AC6A734000D4877 /* CopyFiles */ = {
			isa = PBXCopyFilesBuildPhase;
			buildActionMask = 2147483647;
			dstPath = /usr/share/man/man1/;
			dstSubfolderSpec = 0;
			files = (
			);
			runOnlyForDeploymentPostprocessing = 1;
		};
		117AB8952AA9FC7700F17CCF /* CopyFiles */ = {
			isa = PBXCopyFilesBuildPhase;
			buildActionMask = 2147483647;
			dstPath = /usr/share/man/man1/;
			dstSubfolderSpec = 0;
			files = (
			);
			runOnlyForDeploymentPostprocessing = 1;
		};
		11AD40A62AC5640F00AFD722 /* CopyFiles */ = {
			isa = PBXCopyFilesBuildPhase;
			buildActionMask = 2147483647;
			dstPath = /usr/share/man/man1/;
			dstSubfolderSpec = 0;
			files = (
			);
			runOnlyForDeploymentPostprocessing = 1;
		};
		11D3209E2AC33CAC00A19363 /* CopyFiles */ = {
			isa = PBXCopyFilesBuildPhase;
			buildActionMask = 2147483647;
			dstPath = /usr/share/man/man1/;
			dstSubfolderSpec = 0;
			files = (
			);
			runOnlyForDeploymentPostprocessing = 1;
		};
/* End PBXCopyFilesBuildPhase section */

/* Begin PBXFileReference section */
		11444B402AC5997500E1EC2A /* common-gl.h */ = {isa = PBXFileReference; lastKnownFileType = sourcecode.c.h; path = "common-gl.h"; sourceTree = "<group>"; };
		11444B422AC5B3AA00E1EC2A /* main.cpp */ = {isa = PBXFileReference; lastKnownFileType = sourcecode.cpp.cpp; path = main.cpp; sourceTree = "<group>"; };
		11444B432AC5B43400E1EC2A /* glad.c */ = {isa = PBXFileReference; lastKnownFileType = sourcecode.c.c; path = glad.c; sourceTree = "<group>"; };
		11444B542AC5B47F00E1EC2A /* ch02-2 */ = {isa = PBXFileReference; explicitFileType = "compiled.mach-o.executable"; includeInIndex = 0; path = "ch02-2"; sourceTree = BUILT_PRODUCTS_DIR; };
		116749C62AC68393000D4877 /* main.cpp */ = {isa = PBXFileReference; lastKnownFileType = sourcecode.cpp.cpp; path = main.cpp; sourceTree = "<group>"; };
		116749D32AC683F2000D4877 /* ch02-3 */ = {isa = PBXFileReference; explicitFileType = "compiled.mach-o.executable"; includeInIndex = 0; path = "ch02-3"; sourceTree = BUILT_PRODUCTS_DIR; };
		116749D72AC686EB000D4877 /* main.cpp */ = {isa = PBXFileReference; lastKnownFileType = sourcecode.cpp.cpp; path = main.cpp; sourceTree = "<group>"; };
		116749E52AC686FE000D4877 /* ch02-4 */ = {isa = PBXFileReference; explicitFileType = "compiled.mach-o.executable"; includeInIndex = 0; path = "ch02-4"; sourceTree = BUILT_PRODUCTS_DIR; };
		116749E82AC68CD2000D4877 /* main.cpp */ = {isa = PBXFileReference; lastKnownFileType = sourcecode.cpp.cpp; path = main.cpp; sourceTree = "<group>"; };
		116749F62AC68CEA000D4877 /* ch02-5 */ = {isa = PBXFileReference; explicitFileType = "compiled.mach-o.executable"; includeInIndex = 0; path = "ch02-5"; sourceTree = BUILT_PRODUCTS_DIR; };
		116749F92AC69590000D4877 /* shader_s.h */ = {isa = PBXFileReference; lastKnownFileType = sourcecode.c.h; path = shader_s.h; sourceTree = "<group>"; };
		116749FC2AC6A617000D4877 /* main.cpp */ = {isa = PBXFileReference; lastKnownFileType = sourcecode.cpp.cpp; path = main.cpp; sourceTree = "<group>"; };
		116749FD2AC6A67D000D4877 /* shader.vs */ = {isa = PBXFileReference; lastKnownFileType = sourcecode.glsl; path = shader.vs; sourceTree = "<group>"; };
		116749FE2AC6A6AB000D4877 /* shader.fs */ = {isa = PBXFileReference; lastKnownFileType = sourcecode.glsl; path = shader.fs; sourceTree = "<group>"; };
		11674A0C2AC6A734000D4877 /* ch02-6 */ = {isa = PBXFileReference; explicitFileType = "compiled.mach-o.executable"; includeInIndex = 0; path = "ch02-6"; sourceTree = BUILT_PRODUCTS_DIR; };
		11674A152AC6F9CB000D4877 /* container2_specular_colored.png */ = {isa = PBXFileReference; lastKnownFileType = image.png; path = container2_specular_colored.png; sourceTree = "<group>"; };
		11674A162AC6F9CB000D4877 /* container.jpg */ = {isa = PBXFileReference; lastKnownFileType = image.jpeg; path = container.jpg; sourceTree = "<group>"; };
		11674A172AC6F9CB000D4877 /* powerup_speed.png */ = {isa = PBXFileReference; lastKnownFileType = image.png; path = powerup_speed.png; sourceTree = "<group>"; };
		11674A182AC6F9CB000D4877 /* metal.png */ = {isa = PBXFileReference; lastKnownFileType = image.png; path = metal.png; sourceTree = "<group>"; };
		11674A192AC6F9CB000D4877 /* block_solid.png */ = {isa = PBXFileReference; lastKnownFileType = image.png; path = block_solid.png; sourceTree = "<group>"; };
		11674A1A2AC6F9CB000D4877 /* toy_box_disp.png */ = {isa = PBXFileReference; lastKnownFileType = image.png; path = toy_box_disp.png; sourceTree = "<group>"; };
		11674A1B2AC6F9CB000D4877 /* container2_specular.png */ = {isa = PBXFileReference; lastKnownFileType = image.png; path = container2_specular.png; sourceTree = "<group>"; };
		11674A1C2AC6F9CB000D4877 /* powerup_passthrough.png */ = {isa = PBXFileReference; lastKnownFileType = image.png; path = powerup_passthrough.png; sourceTree = "<group>"; };
		11674A1D2AC6F9CB000D4877 /* paddle.png */ = {isa = PBXFileReference; lastKnownFileType = image.png; path = paddle.png; sourceTree = "<group>"; };
		11674A1F2AC6F9CB000D4877 /* newport_loft.hdr */ = {isa = PBXFileReference; lastKnownFileType = file; path = newport_loft.hdr; sourceTree = "<group>"; };
		11674A202AC6F9CB000D4877 /* bricks2_disp.jpg */ = {isa = PBXFileReference; lastKnownFileType = image.jpeg; path = bricks2_disp.jpg; sourceTree = "<group>"; };
		11674A212AC6F9CB000D4877 /* brickwall.jpg */ = {isa = PBXFileReference; lastKnownFileType = image.jpeg; path = brickwall.jpg; sourceTree = "<group>"; };
		11674A222AC6F9CB000D4877 /* toy_box_normal.png */ = {isa = PBXFileReference; lastKnownFileType = image.png; path = toy_box_normal.png; sourceTree = "<group>"; };
		11674A232AC6F9CB000D4877 /* wood.png */ = {isa = PBXFileReference; lastKnownFileType = image.png; path = wood.png; sourceTree = "<group>"; };
		11674A242AC6F9CB000D4877 /* matrix.jpg */ = {isa = PBXFileReference; lastKnownFileType = image.jpeg; path = matrix.jpg; sourceTree = "<group>"; };
		11674A252AC6F9CB000D4877 /* brickwall_normal.jpg */ = {isa = PBXFileReference; lastKnownFileType = image.jpeg; path = brickwall_normal.jpg; sourceTree = "<group>"; };
		11674A262AC6F9CB000D4877 /* background.jpg */ = {isa = PBXFileReference; lastKnownFileType = image.jpeg; path = background.jpg; sourceTree = "<group>"; };
		11674A272AC6F9CB000D4877 /* bricks2_normal.jpg */ = {isa = PBXFileReference; lastKnownFileType = image.jpeg; path = bricks2_normal.jpg; sourceTree = "<group>"; };
		11674A282AC6F9CB000D4877 /* powerup_sticky.png */ = {isa = PBXFileReference; lastKnownFileType = image.png; path = powerup_sticky.png; sourceTree = "<group>"; };
		11674A292AC6F9CB000D4877 /* block.png */ = {isa = PBXFileReference; lastKnownFileType = image.png; path = block.png; sourceTree = "<group>"; };
		11674A2A2AC6F9CB000D4877 /* grass.png */ = {isa = PBXFileReference; lastKnownFileType = image.png; path = grass.png; sourceTree = "<group>"; };
		11674A2B2AC6F9CB000D4877 /* container2.png */ = {isa = PBXFileReference; lastKnownFileType = image.png; path = container2.png; sourceTree = "<group>"; };
		11674A2C2AC6F9CB000D4877 /* concreteTexture.png */ = {isa = PBXFileReference; lastKnownFileType = image.png; path = concreteTexture.png; sourceTree = "<group>"; };
		11674A2D2AC6F9CB000D4877 /* window.png */ = {isa = PBXFileReference; lastKnownFileType = image.png; path = window.png; sourceTree = "<group>"; };
		11674A2E2AC6F9CB000D4877 /* powerup_chaos.png */ = {isa = PBXFileReference; lastKnownFileType = image.png; path = powerup_chaos.png; sourceTree = "<group>"; };
		11674A2F2AC6F9CB000D4877 /* powerup_confuse.png */ = {isa = PBXFileReference; lastKnownFileType = image.png; path = powerup_confuse.png; sourceTree = "<group>"; };
		11674A302AC6F9CB000D4877 /* awesomeface.png */ = {isa = PBXFileReference; lastKnownFileType = image.png; path = awesomeface.png; sourceTree = "<group>"; };
		11674A322AC6F9CB000D4877 /* bottom.jpg */ = {isa = PBXFileReference; lastKnownFileType = image.jpeg; path = bottom.jpg; sourceTree = "<group>"; };
		11674A332AC6F9CB000D4877 /* left.jpg */ = {isa = PBXFileReference; lastKnownFileType = image.jpeg; path = left.jpg; sourceTree = "<group>"; };
		11674A342AC6F9CB000D4877 /* top.jpg */ = {isa = PBXFileReference; lastKnownFileType = image.jpeg; path = top.jpg; sourceTree = "<group>"; };
		11674A352AC6F9CB000D4877 /* back.jpg */ = {isa = PBXFileReference; lastKnownFileType = image.jpeg; path = back.jpg; sourceTree = "<group>"; };
		11674A362AC6F9CB000D4877 /* right.jpg */ = {isa = PBXFileReference; lastKnownFileType = image.jpeg; path = right.jpg; sourceTree = "<group>"; };
		11674A372AC6F9CB000D4877 /* front.jpg */ = {isa = PBXFileReference; lastKnownFileType = image.jpeg; path = front.jpg; sourceTree = "<group>"; };
		11674A382AC6F9CB000D4877 /* bricks2.jpg */ = {isa = PBXFileReference; lastKnownFileType = image.jpeg; path = bricks2.jpg; sourceTree = "<group>"; };
		11674A392AC6F9CB000D4877 /* marble.jpg */ = {isa = PBXFileReference; lastKnownFileType = image.jpeg; path = marble.jpg; sourceTree = "<group>"; };
		11674A3A2AC6F9CB000D4877 /* powerup_increase.png */ = {isa = PBXFileReference; lastKnownFileType = image.png; path = powerup_increase.png; sourceTree = "<group>"; };
		11674A3B2AC6F9CB000D4877 /* particle.png */ = {isa = PBXFileReference; lastKnownFileType = image.png; path = particle.png; sourceTree = "<group>"; };
		11674A3C2AC6F9CB000D4877 /* toy_box_diffuse.png */ = {isa = PBXFileReference; lastKnownFileType = image.png; path = toy_box_diffuse.png; sourceTree = "<group>"; };
		11674A3F2AC6F9CB000D4877 /* albedo.png */ = {isa = PBXFileReference; lastKnownFileType = image.png; path = albedo.png; sourceTree = "<group>"; };
		11674A402AC6F9CB000D4877 /* metallic.png */ = {isa = PBXFileReference; lastKnownFileType = image.png; path = metallic.png; sourceTree = "<group>"; };
		11674A412AC6F9CB000D4877 /* normal.png */ = {isa = PBXFileReference; lastKnownFileType = image.png; path = normal.png; sourceTree = "<group>"; };
		11674A422AC6F9CB000D4877 /* ao.png */ = {isa = PBXFileReference; lastKnownFileType = image.png; path = ao.png; sourceTree = "<group>"; };
		11674A432AC6F9CB000D4877 /* roughness.png */ = {isa = PBXFileReference; lastKnownFileType = image.png; path = roughness.png; sourceTree = "<group>"; };
		11674A452AC6F9CB000D4877 /* albedo.png */ = {isa = PBXFileReference; lastKnownFileType = image.png; path = albedo.png; sourceTree = "<group>"; };
		11674A462AC6F9CB000D4877 /* metallic.png */ = {isa = PBXFileReference; lastKnownFileType = image.png; path = metallic.png; sourceTree = "<group>"; };
		11674A472AC6F9CB000D4877 /* normal.png */ = {isa = PBXFileReference; lastKnownFileType = image.png; path = normal.png; sourceTree = "<group>"; };
		11674A482AC6F9CB000D4877 /* ao.png */ = {isa = PBXFileReference; lastKnownFileType = image.png; path = ao.png; sourceTree = "<group>"; };
		11674A492AC6F9CB000D4877 /* roughness.png */ = {isa = PBXFileReference; lastKnownFileType = image.png; path = roughness.png; sourceTree = "<group>"; };
		11674A4B2AC6F9CB000D4877 /* albedo.png */ = {isa = PBXFileReference; lastKnownFileType = image.png; path = albedo.png; sourceTree = "<group>"; };
		11674A4C2AC6F9CB000D4877 /* metallic.png */ = {isa = PBXFileReference; lastKnownFileType = image.png; path = metallic.png; sourceTree = "<group>"; };
		11674A4D2AC6F9CB000D4877 /* normal.png */ = {isa = PBXFileReference; lastKnownFileType = image.png; path = normal.png; sourceTree = "<group>"; };
		11674A4E2AC6F9CB000D4877 /* ao.png */ = {isa = PBXFileReference; lastKnownFileType = image.png; path = ao.png; sourceTree = "<group>"; };
		11674A4F2AC6F9CB000D4877 /* roughness.png */ = {isa = PBXFileReference; lastKnownFileType = image.png; path = roughness.png; sourceTree = "<group>"; };
		11674A512AC6F9CB000D4877 /* albedo.png */ = {isa = PBXFileReference; lastKnownFileType = image.png; path = albedo.png; sourceTree = "<group>"; };
		11674A522AC6F9CB000D4877 /* metallic.png */ = {isa = PBXFileReference; lastKnownFileType = image.png; path = metallic.png; sourceTree = "<group>"; };
		11674A532AC6F9CB000D4877 /* normal.png */ = {isa = PBXFileReference; lastKnownFileType = image.png; path = normal.png; sourceTree = "<group>"; };
		11674A542AC6F9CB000D4877 /* ao.png */ = {isa = PBXFileReference; lastKnownFileType = image.png; path = ao.png; sourceTree = "<group>"; };
		11674A552AC6F9CB000D4877 /* roughness.png */ = {isa = PBXFileReference; lastKnownFileType = image.png; path = roughness.png; sourceTree = "<group>"; };
		11674A572AC6F9CB000D4877 /* albedo.png */ = {isa = PBXFileReference; lastKnownFileType = image.png; path = albedo.png; sourceTree = "<group>"; };
		11674A582AC6F9CB000D4877 /* metallic.png */ = {isa = PBXFileReference; lastKnownFileType = image.png; path = metallic.png; sourceTree = "<group>"; };
		11674A592AC6F9CB000D4877 /* normal.png */ = {isa = PBXFileReference; lastKnownFileType = image.png; path = normal.png; sourceTree = "<group>"; };
		11674A5A2AC6F9CB000D4877 /* ao.png */ = {isa = PBXFileReference; lastKnownFileType = image.png; path = ao.png; sourceTree = "<group>"; };
		11674A5B2AC6F9CB000D4877 /* roughness.png */ = {isa = PBXFileReference; lastKnownFileType = image.png; path = roughness.png; sourceTree = "<group>"; };
		11674A5F2AC6F9CB000D4877 /* Vampire_emission.png */ = {isa = PBXFileReference; lastKnownFileType = image.png; path = Vampire_emission.png; sourceTree = "<group>"; };
		11674A602AC6F9CB000D4877 /* Vampire_diffuse.png */ = {isa = PBXFileReference; lastKnownFileType = image.png; path = Vampire_diffuse.png; sourceTree = "<group>"; };
		11674A612AC6F9CB000D4877 /* Vampire_normal.png */ = {isa = PBXFileReference; lastKnownFileType = image.png; path = Vampire_normal.png; sourceTree = "<group>"; };
		11674A622AC6F9CB000D4877 /* Vampire_specular.png */ = {isa = PBXFileReference; lastKnownFileType = image.png; path = Vampire_specular.png; sourceTree = "<group>"; };
		11674A632AC6F9CB000D4877 /* dancing_vampire.dae */ = {isa = PBXFileReference; lastKnownFileType = text.xml.dae; path = dancing_vampire.dae; sourceTree = "<group>"; };
		11674A652AC6F9CB000D4877 /* hand_showroom_refl.png */ = {isa = PBXFileReference; lastKnownFileType = image.png; path = hand_showroom_refl.png; sourceTree = "<group>"; };
		11674A662AC6F9CB000D4877 /* body_showroom_ddn.png */ = {isa = PBXFileReference; lastKnownFileType = image.png; path = body_showroom_ddn.png; sourceTree = "<group>"; };
		11674A672AC6F9CB000D4877 /* helmet_showroom_ddn.png */ = {isa = PBXFileReference; lastKnownFileType = image.png; path = helmet_showroom_ddn.png; sourceTree = "<group>"; };
		11674A682AC6F9CB000D4877 /* arm_showroom_ddn.png */ = {isa = PBXFileReference; lastKnownFileType = image.png; path = arm_showroom_ddn.png; sourceTree = "<group>"; };
		11674A692AC6F9CB000D4877 /* arm_showroom_spec.png */ = {isa = PBXFileReference; lastKnownFileType = image.png; path = arm_showroom_spec.png; sourceTree = "<group>"; };
		11674A6A2AC6F9CB000D4877 /* leg_dif.png */ = {isa = PBXFileReference; lastKnownFileType = image.png; path = leg_dif.png; sourceTree = "<group>"; };
		11674A6B2AC6F9CB000D4877 /* arm_showroom_refl.png */ = {isa = PBXFileReference; lastKnownFileType = image.png; path = arm_showroom_refl.png; sourceTree = "<group>"; };
		11674A6C2AC6F9CB000D4877 /* cell_body_alpha.png */ = {isa = PBXFileReference; lastKnownFileType = image.png; path = cell_body_alpha.png; sourceTree = "<group>"; };
		11674A6D2AC6F9CB000D4877 /* hand_showroom_spec.png */ = {isa = PBXFileReference; lastKnownFileType = image.png; path = hand_showroom_spec.png; sourceTree = "<group>"; };
		11674A6E2AC6F9CB000D4877 /* glass_ddn.png */ = {isa = PBXFileReference; lastKnownFileType = image.png; path = glass_ddn.png; sourceTree = "<group>"; };
		11674A6F2AC6F9CB000D4877 /* glass_refl.png */ = {isa = PBXFileReference; lastKnownFileType = image.png; path = glass_refl.png; sourceTree = "<group>"; };
		11674A702AC6F9CB000D4877 /* cell_hand_alpha.png */ = {isa = PBXFileReference; lastKnownFileType = image.png; path = cell_hand_alpha.png; sourceTree = "<group>"; };
		11674A712AC6F9CB000D4877 /* nanosuit.mtl */ = {isa = PBXFileReference; lastKnownFileType = text; path = nanosuit.mtl; sourceTree = "<group>"; };
		11674A722AC6F9CB000D4877 /* body_dif.png */ = {isa = PBXFileReference; lastKnownFileType = image.png; path = body_dif.png; sourceTree = "<group>"; };
		11674A732AC6F9CB000D4877 /* hand_showroom_ddn.png */ = {isa = PBXFileReference; lastKnownFileType = image.png; path = hand_showroom_ddn.png; sourceTree = "<group>"; };
		11674A742AC6F9CB000D4877 /* body_showroom_refl.png */ = {isa = PBXFileReference; lastKnownFileType = image.png; path = body_showroom_refl.png; sourceTree = "<group>"; };
		11674A752AC6F9CB000D4877 /* glass_dif.png */ = {isa = PBXFileReference; lastKnownFileType = image.png; path = glass_dif.png; sourceTree = "<group>"; };
		11674A762AC6F9CB000D4877 /* arm_dif.png */ = {isa = PBXFileReference; lastKnownFileType = image.png; path = arm_dif.png; sourceTree = "<group>"; };
		11674A772AC6F9CB000D4877 /* cell_leg_alpha.png */ = {isa = PBXFileReference; lastKnownFileType = image.png; path = cell_leg_alpha.png; sourceTree = "<group>"; };
		11674A782AC6F9CB000D4877 /* helmet_diff.png */ = {isa = PBXFileReference; lastKnownFileType = image.png; path = helmet_diff.png; sourceTree = "<group>"; };
		11674A792AC6F9CB000D4877 /* nanosuit.obj */ = {isa = PBXFileReference; lastKnownFileType = text; path = nanosuit.obj; sourceTree = "<group>"; };
		11674A7A2AC6F9CB000D4877 /* leg_showroom_refl.png */ = {isa = PBXFileReference; lastKnownFileType = image.png; path = leg_showroom_refl.png; sourceTree = "<group>"; };
		11674A7B2AC6F9CB000D4877 /* cell_helmet_alpha.png */ = {isa = PBXFileReference; lastKnownFileType = image.png; path = cell_helmet_alpha.png; sourceTree = "<group>"; };
		11674A7C2AC6F9CB000D4877 /* leg_showroom_ddn.png */ = {isa = PBXFileReference; lastKnownFileType = image.png; path = leg_showroom_ddn.png; sourceTree = "<group>"; };
		11674A7D2AC6F9CB000D4877 /* helmet_showroom_refl.png */ = {isa = PBXFileReference; lastKnownFileType = image.png; path = helmet_showroom_refl.png; sourceTree = "<group>"; };
		11674A7E2AC6F9CB000D4877 /* cell_arm_alpha.png */ = {isa = PBXFileReference; lastKnownFileType = image.png; path = cell_arm_alpha.png; sourceTree = "<group>"; };
		11674A7F2AC6F9CB000D4877 /* helmet_showroom_spec.png */ = {isa = PBXFileReference; lastKnownFileType = image.png; path = helmet_showroom_spec.png; sourceTree = "<group>"; };
		11674A802AC6F9CB000D4877 /* leg_showroom_spec.png */ = {isa = PBXFileReference; lastKnownFileType = image.png; path = leg_showroom_spec.png; sourceTree = "<group>"; };
		11674A812AC6F9CB000D4877 /* cell_ddn.png */ = {isa = PBXFileReference; lastKnownFileType = image.png; path = cell_ddn.png; sourceTree = "<group>"; };
		11674A822AC6F9CB000D4877 /* body_showroom_spec.png */ = {isa = PBXFileReference; lastKnownFileType = image.png; path = body_showroom_spec.png; sourceTree = "<group>"; };
		11674A832AC6F9CB000D4877 /* back.jpg */ = {isa = PBXFileReference; lastKnownFileType = image.jpeg; path = back.jpg; sourceTree = "<group>"; };
		11674A842AC6F9CB000D4877 /* front.jpg */ = {isa = PBXFileReference; lastKnownFileType = image.jpeg; path = front.jpg; sourceTree = "<group>"; };
		11674A852AC6F9CB000D4877 /* hand_dif.png */ = {isa = PBXFileReference; lastKnownFileType = image.png; path = hand_dif.png; sourceTree = "<group>"; };
		11674A872AC6F9CB000D4877 /* mars.png */ = {isa = PBXFileReference; lastKnownFileType = image.png; path = mars.png; sourceTree = "<group>"; };
		11674A882AC6F9CB000D4877 /* planet.obj */ = {isa = PBXFileReference; lastKnownFileType = text; path = planet.obj; sourceTree = "<group>"; };
		11674A892AC6F9CB000D4877 /* source.txt */ = {isa = PBXFileReference; lastKnownFileType = text; path = source.txt; sourceTree = "<group>"; };
		11674A8A2AC6F9CB000D4877 /* planet.mtl */ = {isa = PBXFileReference; lastKnownFileType = text; path = planet.mtl; sourceTree = "<group>"; };
		11674A8C2AC6F9CB000D4877 /* rock.obj */ = {isa = PBXFileReference; lastKnownFileType = text; path = rock.obj; sourceTree = "<group>"; };
		11674A8D2AC6F9CB000D4877 /* rock.png */ = {isa = PBXFileReference; lastKnownFileType = image.png; path = rock.png; sourceTree = "<group>"; };
		11674A8E2AC6F9CB000D4877 /* rock.mtl */ = {isa = PBXFileReference; lastKnownFileType = text; path = rock.mtl; sourceTree = "<group>"; };
		11674A902AC6F9CB000D4877 /* source_attribution.txt */ = {isa = PBXFileReference; lastKnownFileType = text; path = source_attribution.txt; sourceTree = "<group>"; };
		11674A912AC6F9CB000D4877 /* backpack.obj */ = {isa = PBXFileReference; lastKnownFileType = text; path = backpack.obj; sourceTree = "<group>"; };
		11674A922AC6F9CB000D4877 /* diffuse.jpg */ = {isa = PBXFileReference; lastKnownFileType = image.jpeg; path = diffuse.jpg; sourceTree = "<group>"; };
		11674A932AC6F9CB000D4877 /* specular.jpg */ = {isa = PBXFileReference; lastKnownFileType = image.jpeg; path = specular.jpg; sourceTree = "<group>"; };
		11674A942AC6F9CB000D4877 /* normal.png */ = {isa = PBXFileReference; lastKnownFileType = image.png; path = normal.png; sourceTree = "<group>"; };
		11674A952AC6F9CB000D4877 /* ao.jpg */ = {isa = PBXFileReference; lastKnownFileType = image.jpeg; path = ao.jpg; sourceTree = "<group>"; };
		11674A962AC6F9CB000D4877 /* roughness.jpg */ = {isa = PBXFileReference; lastKnownFileType = image.jpeg; path = roughness.jpg; sourceTree = "<group>"; };
		11674A972AC6F9CB000D4877 /* backpack.mtl */ = {isa = PBXFileReference; lastKnownFileType = text; path = backpack.mtl; sourceTree = "<group>"; };
		11674A992AC6F9CB000D4877 /* cyborg.obj */ = {isa = PBXFileReference; lastKnownFileType = text; path = cyborg.obj; sourceTree = "<group>"; };
		11674A9A2AC6F9CB000D4877 /* cyborg.blend1 */ = {isa = PBXFileReference; lastKnownFileType = file; path = cyborg.blend1; sourceTree = "<group>"; };
		11674A9B2AC6F9CB000D4877 /* cyborg.blend */ = {isa = PBXFileReference; lastKnownFileType = file; path = cyborg.blend; sourceTree = "<group>"; };
		11674A9C2AC6F9CB000D4877 /* cyborg_normal.png */ = {isa = PBXFileReference; lastKnownFileType = image.png; path = cyborg_normal.png; sourceTree = "<group>"; };
		11674A9D2AC6F9CC000D4877 /* cyborg_diffuse.png */ = {isa = PBXFileReference; lastKnownFileType = image.png; path = cyborg_diffuse.png; sourceTree = "<group>"; };
		11674A9E2AC6F9CC000D4877 /* cyborg_specular.png */ = {isa = PBXFileReference; lastKnownFileType = image.png; path = cyborg_specular.png; sourceTree = "<group>"; };
		11674A9F2AC6F9CC000D4877 /* cyborg.mtl */ = {isa = PBXFileReference; lastKnownFileType = text; path = cyborg.mtl; sourceTree = "<group>"; };
		11674AA02AC6F9CC000D4877 /* LICENSE.txt */ = {isa = PBXFileReference; lastKnownFileType = text; path = LICENSE.txt; sourceTree = "<group>"; };
		11674AA22AC6F9CC000D4877 /* powerup.wav */ = {isa = PBXFileReference; lastKnownFileType = audio.wav; path = powerup.wav; sourceTree = "<group>"; };
		11674AA32AC6F9CC000D4877 /* bleep.mp3 */ = {isa = PBXFileReference; lastKnownFileType = audio.mp3; path = bleep.mp3; sourceTree = "<group>"; };
		11674AA42AC6F9CC000D4877 /* solid.wav */ = {isa = PBXFileReference; lastKnownFileType = audio.wav; path = solid.wav; sourceTree = "<group>"; };
		11674AA52AC6F9CC000D4877 /* bleep.wav */ = {isa = PBXFileReference; lastKnownFileType = audio.wav; path = bleep.wav; sourceTree = "<group>"; };
		11674AA62AC6F9CC000D4877 /* breakout.mp3 */ = {isa = PBXFileReference; lastKnownFileType = audio.mp3; path = breakout.mp3; sourceTree = "<group>"; };
		11674AA82AC6F9CC000D4877 /* one.lvl */ = {isa = PBXFileReference; lastKnownFileType = text; path = one.lvl; sourceTree = "<group>"; };
		11674AA92AC6F9CC000D4877 /* three.lvl */ = {isa = PBXFileReference; lastKnownFileType = text; path = three.lvl; sourceTree = "<group>"; };
		11674AAA2AC6F9CC000D4877 /* four.lvl */ = {isa = PBXFileReference; lastKnownFileType = text; path = four.lvl; sourceTree = "<group>"; };
		11674AAB2AC6F9CC000D4877 /* two.lvl */ = {isa = PBXFileReference; lastKnownFileType = text; path = two.lvl; sourceTree = "<group>"; };
		11674AAD2AC6F9CC000D4877 /* Antonio-Regular.ttf */ = {isa = PBXFileReference; lastKnownFileType = file; path = "Antonio-Regular.ttf"; sourceTree = "<group>"; };
		11674AAE2AC6F9CC000D4877 /* SIL Open Font License.txt */ = {isa = PBXFileReference; lastKnownFileType = text; path = "SIL Open Font License.txt"; sourceTree = "<group>"; };
		11674AAF2AC6F9CC000D4877 /* Antonio-Light.ttf */ = {isa = PBXFileReference; lastKnownFileType = file; path = "Antonio-Light.ttf"; sourceTree = "<group>"; };
		11674AB02AC6F9CC000D4877 /* OCRAEXT.TTF */ = {isa = PBXFileReference; lastKnownFileType = file; path = OCRAEXT.TTF; sourceTree = "<group>"; };
		11674AB12AC6F9CC000D4877 /* Antonio-Bold.ttf */ = {isa = PBXFileReference; lastKnownFileType = file; path = "Antonio-Bold.ttf"; sourceTree = "<group>"; };
		117AB8972AA9FC7700F17CCF /* graphics-start */ = {isa = PBXFileReference; explicitFileType = "compiled.mach-o.executable"; includeInIndex = 0; path = "graphics-start"; sourceTree = BUILT_PRODUCTS_DIR; };
		117AB8A22AA9FCB300F17CCF /* OpenGL.framework */ = {isa = PBXFileReference; lastKnownFileType = wrapper.framework; name = OpenGL.framework; path = System/Library/Frameworks/OpenGL.framework; sourceTree = SDKROOT; };
		117AB8A42AA9FCB800F17CCF /* GLUT.framework */ = {isa = PBXFileReference; lastKnownFileType = wrapper.framework; name = GLUT.framework; path = System/Library/Frameworks/GLUT.framework; sourceTree = SDKROOT; };
		1185CE812AC48C86000FAAF5 /* README.md */ = {isa = PBXFileReference; lastKnownFileType = net.daringfireball.markdown; path = README.md; sourceTree = "<group>"; };
		11AD409C2AC563DE00AFD722 /* main.cpp */ = {isa = PBXFileReference; lastKnownFileType = sourcecode.cpp.cpp; path = main.cpp; sourceTree = "<group>"; };
		11AD40AA2AC5640F00AFD722 /* ch02 */ = {isa = PBXFileReference; explicitFileType = "compiled.mach-o.executable"; includeInIndex = 0; path = ch02; sourceTree = BUILT_PRODUCTS_DIR; };
		11AD40AC2AC5650700AFD722 /* README.md */ = {isa = PBXFileReference; lastKnownFileType = net.daringfireball.markdown; path = README.md; sourceTree = "<group>"; };
		11D320A22AC33CAC00A19363 /* ch01 */ = {isa = PBXFileReference; explicitFileType = "compiled.mach-o.executable"; includeInIndex = 0; path = ch01; sourceTree = BUILT_PRODUCTS_DIR; };
		11D320A42AC33CFF00A19363 /* main.cpp */ = {isa = PBXFileReference; lastKnownFileType = sourcecode.cpp.cpp; path = main.cpp; sourceTree = "<group>"; };
		11E642572AAA03D600660944 /* GLKit.framework */ = {isa = PBXFileReference; lastKnownFileType = wrapper.framework; name = GLKit.framework; path = System/Library/Frameworks/GLKit.framework; sourceTree = SDKROOT; };
		11E642592AAA06BE00660944 /* libglfw.3.3.dylib */ = {isa = PBXFileReference; lastKnownFileType = "compiled.mach-o.dylib"; name = libglfw.3.3.dylib; path = ../../../../../../opt/homebrew/Cellar/glfw/3.3.8/lib/libglfw.3.3.dylib; sourceTree = "<group>"; };
/* End PBXFileReference section */

/* Begin PBXFrameworksBuildPhase section */
		11444B4B2AC5B47F00E1EC2A /* Frameworks */ = {
			isa = PBXFrameworksBuildPhase;
			buildActionMask = 2147483647;
			files = (
				11444B4C2AC5B47F00E1EC2A /* libglfw.3.3.dylib in Frameworks */,
				11444B4D2AC5B47F00E1EC2A /* GLUT.framework in Frameworks */,
				11444B4E2AC5B47F00E1EC2A /* GLKit.framework in Frameworks */,
				11444B4F2AC5B47F00E1EC2A /* OpenGL.framework in Frameworks */,
			);
			runOnlyForDeploymentPostprocessing = 0;
		};
		116749CA2AC683F2000D4877 /* Frameworks */ = {
			isa = PBXFrameworksBuildPhase;
			buildActionMask = 2147483647;
			files = (
				116749CB2AC683F2000D4877 /* libglfw.3.3.dylib in Frameworks */,
				116749CC2AC683F2000D4877 /* GLUT.framework in Frameworks */,
				116749CD2AC683F2000D4877 /* GLKit.framework in Frameworks */,
				116749CE2AC683F2000D4877 /* OpenGL.framework in Frameworks */,
			);
			runOnlyForDeploymentPostprocessing = 0;
		};
		116749DC2AC686FE000D4877 /* Frameworks */ = {
			isa = PBXFrameworksBuildPhase;
			buildActionMask = 2147483647;
			files = (
				116749DD2AC686FE000D4877 /* libglfw.3.3.dylib in Frameworks */,
				116749DE2AC686FE000D4877 /* GLUT.framework in Frameworks */,
				116749DF2AC686FE000D4877 /* GLKit.framework in Frameworks */,
				116749E02AC686FE000D4877 /* OpenGL.framework in Frameworks */,
			);
			runOnlyForDeploymentPostprocessing = 0;
		};
		116749ED2AC68CEA000D4877 /* Frameworks */ = {
			isa = PBXFrameworksBuildPhase;
			buildActionMask = 2147483647;
			files = (
				116749EE2AC68CEA000D4877 /* libglfw.3.3.dylib in Frameworks */,
				116749EF2AC68CEA000D4877 /* GLUT.framework in Frameworks */,
				116749F02AC68CEA000D4877 /* GLKit.framework in Frameworks */,
				116749F12AC68CEA000D4877 /* OpenGL.framework in Frameworks */,
			);
			runOnlyForDeploymentPostprocessing = 0;
		};
		11674A032AC6A734000D4877 /* Frameworks */ = {
			isa = PBXFrameworksBuildPhase;
			buildActionMask = 2147483647;
			files = (
				11674A042AC6A734000D4877 /* libglfw.3.3.dylib in Frameworks */,
				11674A052AC6A734000D4877 /* GLUT.framework in Frameworks */,
				11674A062AC6A734000D4877 /* GLKit.framework in Frameworks */,
				11674A072AC6A734000D4877 /* OpenGL.framework in Frameworks */,
			);
			runOnlyForDeploymentPostprocessing = 0;
		};
		117AB8942AA9FC7700F17CCF /* Frameworks */ = {
			isa = PBXFrameworksBuildPhase;
			buildActionMask = 2147483647;
			files = (
				11E6425A2AAA06BE00660944 /* libglfw.3.3.dylib in Frameworks */,
				117AB8A52AA9FCB800F17CCF /* GLUT.framework in Frameworks */,
				11E642582AAA03D600660944 /* GLKit.framework in Frameworks */,
				117AB8A32AA9FCB300F17CCF /* OpenGL.framework in Frameworks */,
			);
			runOnlyForDeploymentPostprocessing = 0;
		};
		11AD40A12AC5640F00AFD722 /* Frameworks */ = {
			isa = PBXFrameworksBuildPhase;
			buildActionMask = 2147483647;
			files = (
				11AD40A22AC5640F00AFD722 /* libglfw.3.3.dylib in Frameworks */,
				11AD40A32AC5640F00AFD722 /* GLUT.framework in Frameworks */,
				11AD40A42AC5640F00AFD722 /* GLKit.framework in Frameworks */,
				11AD40A52AC5640F00AFD722 /* OpenGL.framework in Frameworks */,
			);
			runOnlyForDeploymentPostprocessing = 0;
		};
		11D320992AC33CAC00A19363 /* Frameworks */ = {
			isa = PBXFrameworksBuildPhase;
			buildActionMask = 2147483647;
			files = (
				11D3209A2AC33CAC00A19363 /* libglfw.3.3.dylib in Frameworks */,
				11D3209B2AC33CAC00A19363 /* GLUT.framework in Frameworks */,
				11D3209C2AC33CAC00A19363 /* GLKit.framework in Frameworks */,
				11D3209D2AC33CAC00A19363 /* OpenGL.framework in Frameworks */,
			);
			runOnlyForDeploymentPostprocessing = 0;
		};
/* End PBXFrameworksBuildPhase section */

/* Begin PBXGroup section */
		11444B412AC5B36B00E1EC2A /* ch02-2 Hello Rectangle */ = {
			isa = PBXGroup;
			children = (
				11444B422AC5B3AA00E1EC2A /* main.cpp */,
			);
			path = "ch02-2 Hello Rectangle";
			sourceTree = "<group>";
		};
		116749C52AC68371000D4877 /* ch02-3 Shader Ins and outs */ = {
			isa = PBXGroup;
			children = (
				116749C62AC68393000D4877 /* main.cpp */,
			);
			path = "ch02-3 Shader Ins and outs";
			sourceTree = "<group>";
		};
		116749D62AC686C4000D4877 /* ch02-4 Shader uniforms */ = {
			isa = PBXGroup;
			children = (
				116749D72AC686EB000D4877 /* main.cpp */,
			);
			path = "ch02-4 Shader uniforms";
			sourceTree = "<group>";
		};
		116749E72AC68C9F000D4877 /* ch02-5 Shader more attributes */ = {
			isa = PBXGroup;
			children = (
				116749E82AC68CD2000D4877 /* main.cpp */,
			);
			path = "ch02-5 Shader more attributes";
			sourceTree = "<group>";
		};
		116749FB2AC6A5F0000D4877 /* ch02-6 Shader Class */ = {
			isa = PBXGroup;
			children = (
				116749FC2AC6A617000D4877 /* main.cpp */,
				116749FD2AC6A67D000D4877 /* shader.vs */,
				116749FE2AC6A6AB000D4877 /* shader.fs */,
			);
			path = "ch02-6 Shader Class";
			sourceTree = "<group>";
		};
		11674A102AC6A891000D4877 /* custom */ = {
			isa = PBXGroup;
			children = (
				11674A112AC6AB3C000D4877 /* include */,
			);
			path = custom;
			sourceTree = "<group>";
		};
		11674A112AC6AB3C000D4877 /* include */ = {
			isa = PBXGroup;
			children = (
				11444B402AC5997500E1EC2A /* common-gl.h */,
				11674A122AC6ABBF000D4877 /* my */,
			);
			path = include;
			sourceTree = "<group>";
		};
		11674A122AC6ABBF000D4877 /* my */ = {
			isa = PBXGroup;
			children = (
				116749F92AC69590000D4877 /* shader_s.h */,
			);
			path = my;
			sourceTree = "<group>";
		};
		11674A132AC6F9CB000D4877 /* resources */ = {
			isa = PBXGroup;
			children = (
				11674A142AC6F9CB000D4877 /* textures */,
				11674A5C2AC6F9CB000D4877 /* objects */,
				11674AA12AC6F9CC000D4877 /* audio */,
				11674AA72AC6F9CC000D4877 /* levels */,
				11674AAC2AC6F9CC000D4877 /* fonts */,
			);
			path = resources;
			sourceTree = "<group>";
		};
		11674A142AC6F9CB000D4877 /* textures */ = {
			isa = PBXGroup;
			children = (
				11674A152AC6F9CB000D4877 /* container2_specular_colored.png */,
				11674A162AC6F9CB000D4877 /* container.jpg */,
				11674A172AC6F9CB000D4877 /* powerup_speed.png */,
				11674A182AC6F9CB000D4877 /* metal.png */,
				11674A192AC6F9CB000D4877 /* block_solid.png */,
				11674A1A2AC6F9CB000D4877 /* toy_box_disp.png */,
				11674A1B2AC6F9CB000D4877 /* container2_specular.png */,
				11674A1C2AC6F9CB000D4877 /* powerup_passthrough.png */,
				11674A1D2AC6F9CB000D4877 /* paddle.png */,
				11674A1E2AC6F9CB000D4877 /* hdr */,
				11674A202AC6F9CB000D4877 /* bricks2_disp.jpg */,
				11674A212AC6F9CB000D4877 /* brickwall.jpg */,
				11674A222AC6F9CB000D4877 /* toy_box_normal.png */,
				11674A232AC6F9CB000D4877 /* wood.png */,
				11674A242AC6F9CB000D4877 /* matrix.jpg */,
				11674A252AC6F9CB000D4877 /* brickwall_normal.jpg */,
				11674A262AC6F9CB000D4877 /* background.jpg */,
				11674A272AC6F9CB000D4877 /* bricks2_normal.jpg */,
				11674A282AC6F9CB000D4877 /* powerup_sticky.png */,
				11674A292AC6F9CB000D4877 /* block.png */,
				11674A2A2AC6F9CB000D4877 /* grass.png */,
				11674A2B2AC6F9CB000D4877 /* container2.png */,
				11674A2C2AC6F9CB000D4877 /* concreteTexture.png */,
				11674A2D2AC6F9CB000D4877 /* window.png */,
				11674A2E2AC6F9CB000D4877 /* powerup_chaos.png */,
				11674A2F2AC6F9CB000D4877 /* powerup_confuse.png */,
				11674A302AC6F9CB000D4877 /* awesomeface.png */,
				11674A312AC6F9CB000D4877 /* skybox */,
				11674A382AC6F9CB000D4877 /* bricks2.jpg */,
				11674A392AC6F9CB000D4877 /* marble.jpg */,
				11674A3A2AC6F9CB000D4877 /* powerup_increase.png */,
				11674A3B2AC6F9CB000D4877 /* particle.png */,
				11674A3C2AC6F9CB000D4877 /* toy_box_diffuse.png */,
				11674A3D2AC6F9CB000D4877 /* pbr */,
			);
			path = textures;
			sourceTree = "<group>";
		};
		11674A1E2AC6F9CB000D4877 /* hdr */ = {
			isa = PBXGroup;
			children = (
				11674A1F2AC6F9CB000D4877 /* newport_loft.hdr */,
			);
			path = hdr;
			sourceTree = "<group>";
		};
		11674A312AC6F9CB000D4877 /* skybox */ = {
			isa = PBXGroup;
			children = (
				11674A322AC6F9CB000D4877 /* bottom.jpg */,
				11674A332AC6F9CB000D4877 /* left.jpg */,
				11674A342AC6F9CB000D4877 /* top.jpg */,
				11674A352AC6F9CB000D4877 /* back.jpg */,
				11674A362AC6F9CB000D4877 /* right.jpg */,
				11674A372AC6F9CB000D4877 /* front.jpg */,
			);
			path = skybox;
			sourceTree = "<group>";
		};
		11674A3D2AC6F9CB000D4877 /* pbr */ = {
			isa = PBXGroup;
			children = (
				11674A3E2AC6F9CB000D4877 /* wall */,
				11674A442AC6F9CB000D4877 /* rusted_iron */,
				11674A4A2AC6F9CB000D4877 /* grass */,
				11674A502AC6F9CB000D4877 /* gold */,
				11674A562AC6F9CB000D4877 /* plastic */,
			);
			path = pbr;
			sourceTree = "<group>";
		};
		11674A3E2AC6F9CB000D4877 /* wall */ = {
			isa = PBXGroup;
			children = (
				11674A3F2AC6F9CB000D4877 /* albedo.png */,
				11674A402AC6F9CB000D4877 /* metallic.png */,
				11674A412AC6F9CB000D4877 /* normal.png */,
				11674A422AC6F9CB000D4877 /* ao.png */,
				11674A432AC6F9CB000D4877 /* roughness.png */,
			);
			path = wall;
			sourceTree = "<group>";
		};
		11674A442AC6F9CB000D4877 /* rusted_iron */ = {
			isa = PBXGroup;
			children = (
				11674A452AC6F9CB000D4877 /* albedo.png */,
				11674A462AC6F9CB000D4877 /* metallic.png */,
				11674A472AC6F9CB000D4877 /* normal.png */,
				11674A482AC6F9CB000D4877 /* ao.png */,
				11674A492AC6F9CB000D4877 /* roughness.png */,
			);
			path = rusted_iron;
			sourceTree = "<group>";
		};
		11674A4A2AC6F9CB000D4877 /* grass */ = {
			isa = PBXGroup;
			children = (
				11674A4B2AC6F9CB000D4877 /* albedo.png */,
				11674A4C2AC6F9CB000D4877 /* metallic.png */,
				11674A4D2AC6F9CB000D4877 /* normal.png */,
				11674A4E2AC6F9CB000D4877 /* ao.png */,
				11674A4F2AC6F9CB000D4877 /* roughness.png */,
			);
			path = grass;
			sourceTree = "<group>";
		};
		11674A502AC6F9CB000D4877 /* gold */ = {
			isa = PBXGroup;
			children = (
				11674A512AC6F9CB000D4877 /* albedo.png */,
				11674A522AC6F9CB000D4877 /* metallic.png */,
				11674A532AC6F9CB000D4877 /* normal.png */,
				11674A542AC6F9CB000D4877 /* ao.png */,
				11674A552AC6F9CB000D4877 /* roughness.png */,
			);
			path = gold;
			sourceTree = "<group>";
		};
		11674A562AC6F9CB000D4877 /* plastic */ = {
			isa = PBXGroup;
			children = (
				11674A572AC6F9CB000D4877 /* albedo.png */,
				11674A582AC6F9CB000D4877 /* metallic.png */,
				11674A592AC6F9CB000D4877 /* normal.png */,
				11674A5A2AC6F9CB000D4877 /* ao.png */,
				11674A5B2AC6F9CB000D4877 /* roughness.png */,
			);
			path = plastic;
			sourceTree = "<group>";
		};
		11674A5C2AC6F9CB000D4877 /* objects */ = {
			isa = PBXGroup;
			children = (
				11674A5D2AC6F9CB000D4877 /* vampire */,
				11674A642AC6F9CB000D4877 /* nanosuit */,
				11674A862AC6F9CB000D4877 /* planet */,
				11674A8B2AC6F9CB000D4877 /* rock */,
				11674A8F2AC6F9CB000D4877 /* backpack */,
				11674A982AC6F9CB000D4877 /* cyborg */,
			);
			path = objects;
			sourceTree = "<group>";
		};
		11674A5D2AC6F9CB000D4877 /* vampire */ = {
			isa = PBXGroup;
			children = (
				11674A5E2AC6F9CB000D4877 /* textures */,
				11674A632AC6F9CB000D4877 /* dancing_vampire.dae */,
			);
			path = vampire;
			sourceTree = "<group>";
		};
		11674A5E2AC6F9CB000D4877 /* textures */ = {
			isa = PBXGroup;
			children = (
				11674A5F2AC6F9CB000D4877 /* Vampire_emission.png */,
				11674A602AC6F9CB000D4877 /* Vampire_diffuse.png */,
				11674A612AC6F9CB000D4877 /* Vampire_normal.png */,
				11674A622AC6F9CB000D4877 /* Vampire_specular.png */,
			);
			path = textures;
			sourceTree = "<group>";
		};
		11674A642AC6F9CB000D4877 /* nanosuit */ = {
			isa = PBXGroup;
			children = (
				11674A652AC6F9CB000D4877 /* hand_showroom_refl.png */,
				11674A662AC6F9CB000D4877 /* body_showroom_ddn.png */,
				11674A672AC6F9CB000D4877 /* helmet_showroom_ddn.png */,
				11674A682AC6F9CB000D4877 /* arm_showroom_ddn.png */,
				11674A692AC6F9CB000D4877 /* arm_showroom_spec.png */,
				11674A6A2AC6F9CB000D4877 /* leg_dif.png */,
				11674A6B2AC6F9CB000D4877 /* arm_showroom_refl.png */,
				11674A6C2AC6F9CB000D4877 /* cell_body_alpha.png */,
				11674A6D2AC6F9CB000D4877 /* hand_showroom_spec.png */,
				11674A6E2AC6F9CB000D4877 /* glass_ddn.png */,
				11674A6F2AC6F9CB000D4877 /* glass_refl.png */,
				11674A702AC6F9CB000D4877 /* cell_hand_alpha.png */,
				11674A712AC6F9CB000D4877 /* nanosuit.mtl */,
				11674A722AC6F9CB000D4877 /* body_dif.png */,
				11674A732AC6F9CB000D4877 /* hand_showroom_ddn.png */,
				11674A742AC6F9CB000D4877 /* body_showroom_refl.png */,
				11674A752AC6F9CB000D4877 /* glass_dif.png */,
				11674A762AC6F9CB000D4877 /* arm_dif.png */,
				11674A772AC6F9CB000D4877 /* cell_leg_alpha.png */,
				11674A782AC6F9CB000D4877 /* helmet_diff.png */,
				11674A792AC6F9CB000D4877 /* nanosuit.obj */,
				11674A7A2AC6F9CB000D4877 /* leg_showroom_refl.png */,
				11674A7B2AC6F9CB000D4877 /* cell_helmet_alpha.png */,
				11674A7C2AC6F9CB000D4877 /* leg_showroom_ddn.png */,
				11674A7D2AC6F9CB000D4877 /* helmet_showroom_refl.png */,
				11674A7E2AC6F9CB000D4877 /* cell_arm_alpha.png */,
				11674A7F2AC6F9CB000D4877 /* helmet_showroom_spec.png */,
				11674A802AC6F9CB000D4877 /* leg_showroom_spec.png */,
				11674A812AC6F9CB000D4877 /* cell_ddn.png */,
				11674A822AC6F9CB000D4877 /* body_showroom_spec.png */,
				11674A832AC6F9CB000D4877 /* back.jpg */,
				11674A842AC6F9CB000D4877 /* front.jpg */,
				11674A852AC6F9CB000D4877 /* hand_dif.png */,
			);
			path = nanosuit;
			sourceTree = "<group>";
		};
		11674A862AC6F9CB000D4877 /* planet */ = {
			isa = PBXGroup;
			children = (
				11674A872AC6F9CB000D4877 /* mars.png */,
				11674A882AC6F9CB000D4877 /* planet.obj */,
				11674A892AC6F9CB000D4877 /* source.txt */,
				11674A8A2AC6F9CB000D4877 /* planet.mtl */,
			);
			path = planet;
			sourceTree = "<group>";
		};
		11674A8B2AC6F9CB000D4877 /* rock */ = {
			isa = PBXGroup;
			children = (
				11674A8C2AC6F9CB000D4877 /* rock.obj */,
				11674A8D2AC6F9CB000D4877 /* rock.png */,
				11674A8E2AC6F9CB000D4877 /* rock.mtl */,
			);
			path = rock;
			sourceTree = "<group>";
		};
		11674A8F2AC6F9CB000D4877 /* backpack */ = {
			isa = PBXGroup;
			children = (
				11674A902AC6F9CB000D4877 /* source_attribution.txt */,
				11674A912AC6F9CB000D4877 /* backpack.obj */,
				11674A922AC6F9CB000D4877 /* diffuse.jpg */,
				11674A932AC6F9CB000D4877 /* specular.jpg */,
				11674A942AC6F9CB000D4877 /* normal.png */,
				11674A952AC6F9CB000D4877 /* ao.jpg */,
				11674A962AC6F9CB000D4877 /* roughness.jpg */,
				11674A972AC6F9CB000D4877 /* backpack.mtl */,
			);
			path = backpack;
			sourceTree = "<group>";
		};
		11674A982AC6F9CB000D4877 /* cyborg */ = {
			isa = PBXGroup;
			children = (
				11674A992AC6F9CB000D4877 /* cyborg.obj */,
				11674A9A2AC6F9CB000D4877 /* cyborg.blend1 */,
				11674A9B2AC6F9CB000D4877 /* cyborg.blend */,
				11674A9C2AC6F9CB000D4877 /* cyborg_normal.png */,
				11674A9D2AC6F9CC000D4877 /* cyborg_diffuse.png */,
				11674A9E2AC6F9CC000D4877 /* cyborg_specular.png */,
				11674A9F2AC6F9CC000D4877 /* cyborg.mtl */,
				11674AA02AC6F9CC000D4877 /* LICENSE.txt */,
			);
			path = cyborg;
			sourceTree = "<group>";
		};
		11674AA12AC6F9CC000D4877 /* audio */ = {
			isa = PBXGroup;
			children = (
				11674AA22AC6F9CC000D4877 /* powerup.wav */,
				11674AA32AC6F9CC000D4877 /* bleep.mp3 */,
				11674AA42AC6F9CC000D4877 /* solid.wav */,
				11674AA52AC6F9CC000D4877 /* bleep.wav */,
				11674AA62AC6F9CC000D4877 /* breakout.mp3 */,
			);
			path = audio;
			sourceTree = "<group>";
		};
		11674AA72AC6F9CC000D4877 /* levels */ = {
			isa = PBXGroup;
			children = (
				11674AA82AC6F9CC000D4877 /* one.lvl */,
				11674AA92AC6F9CC000D4877 /* three.lvl */,
				11674AAA2AC6F9CC000D4877 /* four.lvl */,
				11674AAB2AC6F9CC000D4877 /* two.lvl */,
			);
			path = levels;
			sourceTree = "<group>";
		};
		11674AAC2AC6F9CC000D4877 /* fonts */ = {
			isa = PBXGroup;
			children = (
				11674AAD2AC6F9CC000D4877 /* Antonio-Regular.ttf */,
				11674AAE2AC6F9CC000D4877 /* SIL Open Font License.txt */,
				11674AAF2AC6F9CC000D4877 /* Antonio-Light.ttf */,
				11674AB02AC6F9CC000D4877 /* OCRAEXT.TTF */,
				11674AB12AC6F9CC000D4877 /* Antonio-Bold.ttf */,
			);
			path = fonts;
			sourceTree = "<group>";
		};
		117AB88E2AA9FC7700F17CCF = {
			isa = PBXGroup;
			children = (
				11674A132AC6F9CB000D4877 /* resources */,
				1185CE812AC48C86000FAAF5 /* README.md */,
				117AB8992AA9FC7700F17CCF /* graphics-start */,
				117AB8982AA9FC7700F17CCF /* Products */,
				117AB8A12AA9FCB200F17CCF /* Frameworks */,
			);
			sourceTree = "<group>";
		};
		117AB8982AA9FC7700F17CCF /* Products */ = {
			isa = PBXGroup;
			children = (
				117AB8972AA9FC7700F17CCF /* graphics-start */,
				11D320A22AC33CAC00A19363 /* ch01 */,
				11AD40AA2AC5640F00AFD722 /* ch02 */,
				11444B542AC5B47F00E1EC2A /* ch02-2 */,
				116749D32AC683F2000D4877 /* ch02-3 */,
				116749E52AC686FE000D4877 /* ch02-4 */,
				116749F62AC68CEA000D4877 /* ch02-5 */,
				11674A0C2AC6A734000D4877 /* ch02-6 */,
			);
			name = Products;
			sourceTree = "<group>";
		};
		117AB8992AA9FC7700F17CCF /* graphics-start */ = {
			isa = PBXGroup;
			children = (
				11674A102AC6A891000D4877 /* custom */,
				11D320A32AC33CE500A19363 /* ch01 Hello Window */,
				11AD409B2AC563AF00AFD722 /* ch02 Hello Triangle */,
				11444B412AC5B36B00E1EC2A /* ch02-2 Hello Rectangle */,
				116749C52AC68371000D4877 /* ch02-3 Shader Ins and outs */,
				116749D62AC686C4000D4877 /* ch02-4 Shader uniforms */,
				116749E72AC68C9F000D4877 /* ch02-5 Shader more attributes */,
				116749FB2AC6A5F0000D4877 /* ch02-6 Shader Class */,
				11444B432AC5B43400E1EC2A /* glad.c */,
			);
			path = "graphics-start";
			sourceTree = "<group>";
		};
		117AB8A12AA9FCB200F17CCF /* Frameworks */ = {
			isa = PBXGroup;
			children = (
				11E642592AAA06BE00660944 /* libglfw.3.3.dylib */,
				11E642572AAA03D600660944 /* GLKit.framework */,
				117AB8A42AA9FCB800F17CCF /* GLUT.framework */,
				117AB8A22AA9FCB300F17CCF /* OpenGL.framework */,
			);
			name = Frameworks;
			sourceTree = "<group>";
		};
		11AD409B2AC563AF00AFD722 /* ch02 Hello Triangle */ = {
			isa = PBXGroup;
			children = (
				11AD409C2AC563DE00AFD722 /* main.cpp */,
			);
			path = "ch02 Hello Triangle";
			sourceTree = "<group>";
		};
		11D320A32AC33CE500A19363 /* ch01 Hello Window */ = {
			isa = PBXGroup;
			children = (
				11AD40AC2AC5650700AFD722 /* README.md */,
				11D320A42AC33CFF00A19363 /* main.cpp */,
			);
			path = "ch01 Hello Window";
			sourceTree = "<group>";
		};
/* End PBXGroup section */

/* Begin PBXNativeTarget section */
		11444B472AC5B47F00E1EC2A /* ch02-2 */ = {
			isa = PBXNativeTarget;
			buildConfigurationList = 11444B512AC5B47F00E1EC2A /* Build configuration list for PBXNativeTarget "ch02-2" */;
			buildPhases = (
				11444B482AC5B47F00E1EC2A /* Sources */,
				11444B4B2AC5B47F00E1EC2A /* Frameworks */,
				11444B502AC5B47F00E1EC2A /* CopyFiles */,
			);
			buildRules = (
			);
			dependencies = (
			);
			name = "ch02-2";
			productName = "graphics-start";
			productReference = 11444B542AC5B47F00E1EC2A /* ch02-2 */;
			productType = "com.apple.product-type.tool";
		};
		116749C72AC683F2000D4877 /* ch02-3 */ = {
			isa = PBXNativeTarget;
			buildConfigurationList = 116749D02AC683F2000D4877 /* Build configuration list for PBXNativeTarget "ch02-3" */;
			buildPhases = (
				116749C82AC683F2000D4877 /* Sources */,
				116749CA2AC683F2000D4877 /* Frameworks */,
				116749CF2AC683F2000D4877 /* CopyFiles */,
			);
			buildRules = (
			);
			dependencies = (
			);
			name = "ch02-3";
			productName = "graphics-start";
			productReference = 116749D32AC683F2000D4877 /* ch02-3 */;
			productType = "com.apple.product-type.tool";
		};
		116749D82AC686FE000D4877 /* ch02-4 */ = {
			isa = PBXNativeTarget;
			buildConfigurationList = 116749E22AC686FE000D4877 /* Build configuration list for PBXNativeTarget "ch02-4" */;
			buildPhases = (
				116749D92AC686FE000D4877 /* Sources */,
				116749DC2AC686FE000D4877 /* Frameworks */,
				116749E12AC686FE000D4877 /* CopyFiles */,
			);
			buildRules = (
			);
			dependencies = (
			);
			name = "ch02-4";
			productName = "graphics-start";
			productReference = 116749E52AC686FE000D4877 /* ch02-4 */;
			productType = "com.apple.product-type.tool";
		};
		116749E92AC68CEA000D4877 /* ch02-5 */ = {
			isa = PBXNativeTarget;
			buildConfigurationList = 116749F32AC68CEA000D4877 /* Build configuration list for PBXNativeTarget "ch02-5" */;
			buildPhases = (
				116749EA2AC68CEA000D4877 /* Sources */,
				116749ED2AC68CEA000D4877 /* Frameworks */,
				116749F22AC68CEA000D4877 /* CopyFiles */,
			);
			buildRules = (
			);
			dependencies = (
			);
			name = "ch02-5";
			productName = "graphics-start";
			productReference = 116749F62AC68CEA000D4877 /* ch02-5 */;
			productType = "com.apple.product-type.tool";
		};
		116749FF2AC6A734000D4877 /* ch02-6 */ = {
			isa = PBXNativeTarget;
			buildConfigurationList = 11674A092AC6A734000D4877 /* Build configuration list for PBXNativeTarget "ch02-6" */;
			buildPhases = (
				11674A002AC6A734000D4877 /* Sources */,
				11674A032AC6A734000D4877 /* Frameworks */,
				11674A082AC6A734000D4877 /* CopyFiles */,
			);
			buildRules = (
			);
			dependencies = (
			);
			name = "ch02-6";
			productName = "graphics-start";
			productReference = 11674A0C2AC6A734000D4877 /* ch02-6 */;
			productType = "com.apple.product-type.tool";
		};
		117AB8962AA9FC7700F17CCF /* graphics-start */ = {
			isa = PBXNativeTarget;
			buildConfigurationList = 117AB89E2AA9FC7700F17CCF /* Build configuration list for PBXNativeTarget "graphics-start" */;
			buildPhases = (
				117AB8932AA9FC7700F17CCF /* Sources */,
				117AB8942AA9FC7700F17CCF /* Frameworks */,
				117AB8952AA9FC7700F17CCF /* CopyFiles */,
			);
			buildRules = (
			);
			dependencies = (
			);
			name = "graphics-start";
			productName = "graphics-start";
			productReference = 117AB8972AA9FC7700F17CCF /* graphics-start */;
			productType = "com.apple.product-type.tool";
		};
		11AD409D2AC5640F00AFD722 /* ch02 */ = {
			isa = PBXNativeTarget;
			buildConfigurationList = 11AD40A72AC5640F00AFD722 /* Build configuration list for PBXNativeTarget "ch02" */;
			buildPhases = (
				11AD409E2AC5640F00AFD722 /* Sources */,
				11AD40A12AC5640F00AFD722 /* Frameworks */,
				11AD40A62AC5640F00AFD722 /* CopyFiles */,
			);
			buildRules = (
			);
			dependencies = (
			);
			name = ch02;
			productName = "graphics-start";
			productReference = 11AD40AA2AC5640F00AFD722 /* ch02 */;
			productType = "com.apple.product-type.tool";
		};
		11D320962AC33CAC00A19363 /* ch01 */ = {
			isa = PBXNativeTarget;
			buildConfigurationList = 11D3209F2AC33CAC00A19363 /* Build configuration list for PBXNativeTarget "ch01" */;
			buildPhases = (
				11D320972AC33CAC00A19363 /* Sources */,
				11D320992AC33CAC00A19363 /* Frameworks */,
				11D3209E2AC33CAC00A19363 /* CopyFiles */,
			);
			buildRules = (
			);
			dependencies = (
			);
			name = ch01;
			productName = "graphics-start";
			productReference = 11D320A22AC33CAC00A19363 /* ch01 */;
			productType = "com.apple.product-type.tool";
		};
/* End PBXNativeTarget section */

/* Begin PBXProject section */
		117AB88F2AA9FC7700F17CCF /* Project object */ = {
			isa = PBXProject;
			attributes = {
				BuildIndependentTargetsInParallel = 1;
				LastUpgradeCheck = 1430;
				TargetAttributes = {
					117AB8962AA9FC7700F17CCF = {
						CreatedOnToolsVersion = 14.3.1;
					};
				};
			};
			buildConfigurationList = 117AB8922AA9FC7700F17CCF /* Build configuration list for PBXProject "graphics-start" */;
			compatibilityVersion = "Xcode 14.0";
			developmentRegion = en;
			hasScannedForEncodings = 0;
			knownRegions = (
				en,
				Base,
			);
			mainGroup = 117AB88E2AA9FC7700F17CCF;
			productRefGroup = 117AB8982AA9FC7700F17CCF /* Products */;
			projectDirPath = "";
			projectRoot = "";
			targets = (
				117AB8962AA9FC7700F17CCF /* graphics-start */,
				11D320962AC33CAC00A19363 /* ch01 */,
				11AD409D2AC5640F00AFD722 /* ch02 */,
				11444B472AC5B47F00E1EC2A /* ch02-2 */,
				116749C72AC683F2000D4877 /* ch02-3 */,
				116749D82AC686FE000D4877 /* ch02-4 */,
				116749E92AC68CEA000D4877 /* ch02-5 */,
				116749FF2AC6A734000D4877 /* ch02-6 */,
			);
		};
/* End PBXProject section */

/* Begin PBXSourcesBuildPhase section */
		11444B482AC5B47F00E1EC2A /* Sources */ = {
			isa = PBXSourcesBuildPhase;
			buildActionMask = 2147483647;
			files = (
				116749D42AC68401000D4877 /* main.cpp in Sources */,
				11444B4A2AC5B47F00E1EC2A /* glad.c in Sources */,
			);
			runOnlyForDeploymentPostprocessing = 0;
		};
		116749C82AC683F2000D4877 /* Sources */ = {
			isa = PBXSourcesBuildPhase;
			buildActionMask = 2147483647;
			files = (
				116749D52AC68407000D4877 /* main.cpp in Sources */,
				116749C92AC683F2000D4877 /* glad.c in Sources */,
			);
			runOnlyForDeploymentPostprocessing = 0;
		};
		116749D92AC686FE000D4877 /* Sources */ = {
			isa = PBXSourcesBuildPhase;
			buildActionMask = 2147483647;
			files = (
				116749E62AC68725000D4877 /* main.cpp in Sources */,
				116749DB2AC686FE000D4877 /* glad.c in Sources */,
			);
			runOnlyForDeploymentPostprocessing = 0;
		};
		116749EA2AC68CEA000D4877 /* Sources */ = {
			isa = PBXSourcesBuildPhase;
			buildActionMask = 2147483647;
			files = (
				116749F72AC68CF7000D4877 /* main.cpp in Sources */,
				116749EC2AC68CEA000D4877 /* glad.c in Sources */,
			);
			runOnlyForDeploymentPostprocessing = 0;
		};
		11674A002AC6A734000D4877 /* Sources */ = {
			isa = PBXSourcesBuildPhase;
			buildActionMask = 2147483647;
			files = (
				11674A0F2AC6A808000D4877 /* shader_s.h in Sources */,
				11674A0D2AC6A746000D4877 /* main.cpp in Sources */,
				11674A022AC6A734000D4877 /* glad.c in Sources */,
			);
			runOnlyForDeploymentPostprocessing = 0;
		};
		117AB8932AA9FC7700F17CCF /* Sources */ = {
			isa = PBXSourcesBuildPhase;
			buildActionMask = 2147483647;
			files = (
				11444B442AC5B43400E1EC2A /* glad.c in Sources */,
			);
			runOnlyForDeploymentPostprocessing = 0;
		};
		11AD409E2AC5640F00AFD722 /* Sources */ = {
			isa = PBXSourcesBuildPhase;
			buildActionMask = 2147483647;
			files = (
				11AD40AB2AC5642600AFD722 /* main.cpp in Sources */,
				11444B462AC5B43400E1EC2A /* glad.c in Sources */,
			);
			runOnlyForDeploymentPostprocessing = 0;
		};
		11D320972AC33CAC00A19363 /* Sources */ = {
			isa = PBXSourcesBuildPhase;
			buildActionMask = 2147483647;
			files = (
				11D320A52AC33CFF00A19363 /* main.cpp in Sources */,
				11444B452AC5B43400E1EC2A /* glad.c in Sources */,
			);
			runOnlyForDeploymentPostprocessing = 0;
		};
/* End PBXSourcesBuildPhase section */

/* Begin XCBuildConfiguration section */
		11444B522AC5B47F00E1EC2A /* Debug */ = {
			isa = XCBuildConfiguration;
			buildSettings = {
				CODE_SIGN_IDENTITY = "-";
				CODE_SIGN_STYLE = Automatic;
				HEADER_SEARCH_PATHS = (
					/opt/homebrew/Cellar/glew/2.2.0_1/include,
					/opt/homebrew/Cellar/glfw/3.3.8/include,
					/Library/Developer/CommandLineTools/usr/include,
				);
				LIBRARY_SEARCH_PATHS = (
					"$(inherited)",
					/opt/homebrew/Cellar/glfw/3.3.8/lib,
				);
				PRODUCT_NAME = "$(TARGET_NAME)";
			};
			name = Debug;
		};
		11444B532AC5B47F00E1EC2A /* Release */ = {
			isa = XCBuildConfiguration;
			buildSettings = {
				CODE_SIGN_IDENTITY = "-";
				CODE_SIGN_STYLE = Automatic;
				HEADER_SEARCH_PATHS = (
					/opt/homebrew/Cellar/glew/2.2.0_1/include,
					/opt/homebrew/Cellar/glfw/3.3.8/include,
					/Library/Developer/CommandLineTools/usr/include,
				);
				LIBRARY_SEARCH_PATHS = (
					"$(inherited)",
					/opt/homebrew/Cellar/glfw/3.3.8/lib,
				);
				PRODUCT_NAME = "$(TARGET_NAME)";
			};
			name = Release;
		};
		116749D12AC683F2000D4877 /* Debug */ = {
			isa = XCBuildConfiguration;
			buildSettings = {
				CODE_SIGN_IDENTITY = "-";
				CODE_SIGN_STYLE = Automatic;
				HEADER_SEARCH_PATHS = (
					/opt/homebrew/Cellar/glew/2.2.0_1/include,
					/opt/homebrew/Cellar/glfw/3.3.8/include,
					/Library/Developer/CommandLineTools/usr/include,
				);
				LIBRARY_SEARCH_PATHS = (
					"$(inherited)",
					/opt/homebrew/Cellar/glfw/3.3.8/lib,
				);
				PRODUCT_NAME = "$(TARGET_NAME)";
			};
			name = Debug;
		};
		116749D22AC683F2000D4877 /* Release */ = {
			isa = XCBuildConfiguration;
			buildSettings = {
				CODE_SIGN_IDENTITY = "-";
				CODE_SIGN_STYLE = Automatic;
				HEADER_SEARCH_PATHS = (
					/opt/homebrew/Cellar/glew/2.2.0_1/include,
					/opt/homebrew/Cellar/glfw/3.3.8/include,
					/Library/Developer/CommandLineTools/usr/include,
				);
				LIBRARY_SEARCH_PATHS = (
					"$(inherited)",
					/opt/homebrew/Cellar/glfw/3.3.8/lib,
				);
				PRODUCT_NAME = "$(TARGET_NAME)";
			};
			name = Release;
		};
		116749E32AC686FE000D4877 /* Debug */ = {
			isa = XCBuildConfiguration;
			buildSettings = {
				CODE_SIGN_IDENTITY = "-";
				CODE_SIGN_STYLE = Automatic;
				HEADER_SEARCH_PATHS = (
					/opt/homebrew/Cellar/glew/2.2.0_1/include,
					/opt/homebrew/Cellar/glfw/3.3.8/include,
					/Library/Developer/CommandLineTools/usr/include,
				);
				LIBRARY_SEARCH_PATHS = (
					"$(inherited)",
					/opt/homebrew/Cellar/glfw/3.3.8/lib,
				);
				PRODUCT_NAME = "$(TARGET_NAME)";
			};
			name = Debug;
		};
		116749E42AC686FE000D4877 /* Release */ = {
			isa = XCBuildConfiguration;
			buildSettings = {
				CODE_SIGN_IDENTITY = "-";
				CODE_SIGN_STYLE = Automatic;
				HEADER_SEARCH_PATHS = (
					/opt/homebrew/Cellar/glew/2.2.0_1/include,
					/opt/homebrew/Cellar/glfw/3.3.8/include,
					/Library/Developer/CommandLineTools/usr/include,
				);
				LIBRARY_SEARCH_PATHS = (
					"$(inherited)",
					/opt/homebrew/Cellar/glfw/3.3.8/lib,
				);
				PRODUCT_NAME = "$(TARGET_NAME)";
			};
			name = Release;
		};
		116749F42AC68CEA000D4877 /* Debug */ = {
			isa = XCBuildConfiguration;
			buildSettings = {
				CODE_SIGN_IDENTITY = "-";
				CODE_SIGN_STYLE = Automatic;
				HEADER_SEARCH_PATHS = (
					/opt/homebrew/Cellar/glew/2.2.0_1/include,
					/opt/homebrew/Cellar/glfw/3.3.8/include,
					/Library/Developer/CommandLineTools/usr/include,
				);
				LIBRARY_SEARCH_PATHS = (
					"$(inherited)",
					/opt/homebrew/Cellar/glfw/3.3.8/lib,
				);
				PRODUCT_NAME = "$(TARGET_NAME)";
			};
			name = Debug;
		};
		116749F52AC68CEA000D4877 /* Release */ = {
			isa = XCBuildConfiguration;
			buildSettings = {
				CODE_SIGN_IDENTITY = "-";
				CODE_SIGN_STYLE = Automatic;
				HEADER_SEARCH_PATHS = (
					/opt/homebrew/Cellar/glew/2.2.0_1/include,
					/opt/homebrew/Cellar/glfw/3.3.8/include,
					/Library/Developer/CommandLineTools/usr/include,
				);
				LIBRARY_SEARCH_PATHS = (
					"$(inherited)",
					/opt/homebrew/Cellar/glfw/3.3.8/lib,
				);
				PRODUCT_NAME = "$(TARGET_NAME)";
			};
			name = Release;
		};
		11674A0A2AC6A734000D4877 /* Debug */ = {
			isa = XCBuildConfiguration;
			buildSettings = {
				CODE_SIGN_IDENTITY = "-";
				CODE_SIGN_STYLE = Automatic;
				HEADER_SEARCH_PATHS = (
					/opt/homebrew/Cellar/glew/2.2.0_1/include,
					/opt/homebrew/Cellar/glfw/3.3.8/include,
					/Library/Developer/CommandLineTools/usr/include,
					"$PROJECT_DIR/graphics-start/custom/include",
					/Users/wonjulee/Desktop/setup/glm,
				);
				LIBRARY_SEARCH_PATHS = (
					"$(inherited)",
					/opt/homebrew/Cellar/glfw/3.3.8/lib,
				);
				PRODUCT_NAME = "$(TARGET_NAME)";
			};
			name = Debug;
		};
		11674A0B2AC6A734000D4877 /* Release */ = {
			isa = XCBuildConfiguration;
			buildSettings = {
				CODE_SIGN_IDENTITY = "-";
				CODE_SIGN_STYLE = Automatic;
				HEADER_SEARCH_PATHS = (
					/opt/homebrew/Cellar/glew/2.2.0_1/include,
					/opt/homebrew/Cellar/glfw/3.3.8/include,
					/Library/Developer/CommandLineTools/usr/include,
					"$PROJECT_DIR/graphics-start/custom/include",
					/Users/wonjulee/Desktop/setup/glm,
				);
				LIBRARY_SEARCH_PATHS = (
					"$(inherited)",
					/opt/homebrew/Cellar/glfw/3.3.8/lib,
				);
				PRODUCT_NAME = "$(TARGET_NAME)";
			};
			name = Release;
		};
		117AB89C2AA9FC7700F17CCF /* Debug */ = {
			isa = XCBuildConfiguration;
			buildSettings = {
				ALWAYS_SEARCH_USER_PATHS = NO;
				CLANG_ANALYZER_NONNULL = YES;
				CLANG_ANALYZER_NUMBER_OBJECT_CONVERSION = YES_AGGRESSIVE;
				CLANG_CXX_LANGUAGE_STANDARD = "gnu++20";
				CLANG_ENABLE_MODULES = YES;
				CLANG_ENABLE_OBJC_ARC = YES;
				CLANG_ENABLE_OBJC_WEAK = YES;
				CLANG_WARN_BLOCK_CAPTURE_AUTORELEASING = YES;
				CLANG_WARN_BOOL_CONVERSION = YES;
				CLANG_WARN_COMMA = YES;
				CLANG_WARN_CONSTANT_CONVERSION = YES;
				CLANG_WARN_DEPRECATED_OBJC_IMPLEMENTATIONS = YES;
				CLANG_WARN_DIRECT_OBJC_ISA_USAGE = YES_ERROR;
				CLANG_WARN_DOCUMENTATION_COMMENTS = YES;
				CLANG_WARN_EMPTY_BODY = YES;
				CLANG_WARN_ENUM_CONVERSION = YES;
				CLANG_WARN_INFINITE_RECURSION = YES;
				CLANG_WARN_INT_CONVERSION = YES;
				CLANG_WARN_NON_LITERAL_NULL_CONVERSION = YES;
				CLANG_WARN_OBJC_IMPLICIT_RETAIN_SELF = YES;
				CLANG_WARN_OBJC_LITERAL_CONVERSION = YES;
				CLANG_WARN_OBJC_ROOT_CLASS = YES_ERROR;
				CLANG_WARN_QUOTED_INCLUDE_IN_FRAMEWORK_HEADER = YES;
				CLANG_WARN_RANGE_LOOP_ANALYSIS = YES;
				CLANG_WARN_STRICT_PROTOTYPES = YES;
				CLANG_WARN_SUSPICIOUS_MOVE = YES;
				CLANG_WARN_UNGUARDED_AVAILABILITY = YES_AGGRESSIVE;
				CLANG_WARN_UNREACHABLE_CODE = YES;
				CLANG_WARN__DUPLICATE_METHOD_MATCH = YES;
				COPY_PHASE_STRIP = NO;
				DEBUG_INFORMATION_FORMAT = dwarf;
				ENABLE_STRICT_OBJC_MSGSEND = YES;
				ENABLE_TESTABILITY = YES;
				GCC_C_LANGUAGE_STANDARD = gnu11;
				GCC_DYNAMIC_NO_PIC = NO;
				GCC_NO_COMMON_BLOCKS = YES;
				GCC_OPTIMIZATION_LEVEL = 0;
				GCC_PREPROCESSOR_DEFINITIONS = (
					"DEBUG=1",
					"$(inherited)",
				);
				GCC_WARN_64_TO_32_BIT_CONVERSION = YES;
				GCC_WARN_ABOUT_RETURN_TYPE = YES_ERROR;
				GCC_WARN_UNDECLARED_SELECTOR = YES;
				GCC_WARN_UNINITIALIZED_AUTOS = YES_AGGRESSIVE;
				GCC_WARN_UNUSED_FUNCTION = YES;
				GCC_WARN_UNUSED_VARIABLE = YES;
				HEADER_SEARCH_PATHS = (
					/opt/homebrew/Cellar/glew/2.2.0_1/include,
					/opt/homebrew/Cellar/glfw/3.3.8/include,
				);
				MACOSX_DEPLOYMENT_TARGET = 13.3;
				MTL_ENABLE_DEBUG_INFO = INCLUDE_SOURCE;
				MTL_FAST_MATH = YES;
				ONLY_ACTIVE_ARCH = YES;
				SDKROOT = macosx;
			};
			name = Debug;
		};
		117AB89D2AA9FC7700F17CCF /* Release */ = {
			isa = XCBuildConfiguration;
			buildSettings = {
				ALWAYS_SEARCH_USER_PATHS = NO;
				CLANG_ANALYZER_NONNULL = YES;
				CLANG_ANALYZER_NUMBER_OBJECT_CONVERSION = YES_AGGRESSIVE;
				CLANG_CXX_LANGUAGE_STANDARD = "gnu++20";
				CLANG_ENABLE_MODULES = YES;
				CLANG_ENABLE_OBJC_ARC = YES;
				CLANG_ENABLE_OBJC_WEAK = YES;
				CLANG_WARN_BLOCK_CAPTURE_AUTORELEASING = YES;
				CLANG_WARN_BOOL_CONVERSION = YES;
				CLANG_WARN_COMMA = YES;
				CLANG_WARN_CONSTANT_CONVERSION = YES;
				CLANG_WARN_DEPRECATED_OBJC_IMPLEMENTATIONS = YES;
				CLANG_WARN_DIRECT_OBJC_ISA_USAGE = YES_ERROR;
				CLANG_WARN_DOCUMENTATION_COMMENTS = YES;
				CLANG_WARN_EMPTY_BODY = YES;
				CLANG_WARN_ENUM_CONVERSION = YES;
				CLANG_WARN_INFINITE_RECURSION = YES;
				CLANG_WARN_INT_CONVERSION = YES;
				CLANG_WARN_NON_LITERAL_NULL_CONVERSION = YES;
				CLANG_WARN_OBJC_IMPLICIT_RETAIN_SELF = YES;
				CLANG_WARN_OBJC_LITERAL_CONVERSION = YES;
				CLANG_WARN_OBJC_ROOT_CLASS = YES_ERROR;
				CLANG_WARN_QUOTED_INCLUDE_IN_FRAMEWORK_HEADER = YES;
				CLANG_WARN_RANGE_LOOP_ANALYSIS = YES;
				CLANG_WARN_STRICT_PROTOTYPES = YES;
				CLANG_WARN_SUSPICIOUS_MOVE = YES;
				CLANG_WARN_UNGUARDED_AVAILABILITY = YES_AGGRESSIVE;
				CLANG_WARN_UNREACHABLE_CODE = YES;
				CLANG_WARN__DUPLICATE_METHOD_MATCH = YES;
				COPY_PHASE_STRIP = NO;
				DEBUG_INFORMATION_FORMAT = "dwarf-with-dsym";
				ENABLE_NS_ASSERTIONS = NO;
				ENABLE_STRICT_OBJC_MSGSEND = YES;
				GCC_C_LANGUAGE_STANDARD = gnu11;
				GCC_NO_COMMON_BLOCKS = YES;
				GCC_WARN_64_TO_32_BIT_CONVERSION = YES;
				GCC_WARN_ABOUT_RETURN_TYPE = YES_ERROR;
				GCC_WARN_UNDECLARED_SELECTOR = YES;
				GCC_WARN_UNINITIALIZED_AUTOS = YES_AGGRESSIVE;
				GCC_WARN_UNUSED_FUNCTION = YES;
				GCC_WARN_UNUSED_VARIABLE = YES;
				HEADER_SEARCH_PATHS = (
					/opt/homebrew/Cellar/glew/2.2.0_1/include,
					/opt/homebrew/Cellar/glfw/3.3.8/include,
				);
				MACOSX_DEPLOYMENT_TARGET = 13.3;
				MTL_ENABLE_DEBUG_INFO = NO;
				MTL_FAST_MATH = YES;
				SDKROOT = macosx;
			};
			name = Release;
		};
		117AB89F2AA9FC7700F17CCF /* Debug */ = {
			isa = XCBuildConfiguration;
			buildSettings = {
				CODE_SIGN_IDENTITY = "-";
				CODE_SIGN_STYLE = Automatic;
				HEADER_SEARCH_PATHS = (
					/opt/homebrew/Cellar/glew/2.2.0_1/include,
					/opt/homebrew/Cellar/glfw/3.3.8/include,
					/Users/wonjulee/Desktop/setup/glad/include,
					./custom,
				);
				LIBRARY_SEARCH_PATHS = (
					"$(inherited)",
					/opt/homebrew/Cellar/glfw/3.3.8/lib,
				);
				PRODUCT_NAME = "$(TARGET_NAME)";
			};
			name = Debug;
		};
		117AB8A02AA9FC7700F17CCF /* Release */ = {
			isa = XCBuildConfiguration;
			buildSettings = {
				CODE_SIGN_IDENTITY = "-";
				CODE_SIGN_STYLE = Automatic;
				HEADER_SEARCH_PATHS = (
					/opt/homebrew/Cellar/glew/2.2.0_1/include,
					/opt/homebrew/Cellar/glfw/3.3.8/include,
					/Users/wonjulee/Desktop/setup/glad/include,
					./custom,
				);
				LIBRARY_SEARCH_PATHS = (
					"$(inherited)",
					/opt/homebrew/Cellar/glfw/3.3.8/lib,
				);
				PRODUCT_NAME = "$(TARGET_NAME)";
			};
			name = Release;
		};
		11AD40A82AC5640F00AFD722 /* Debug */ = {
			isa = XCBuildConfiguration;
			buildSettings = {
				CODE_SIGN_IDENTITY = "-";
				CODE_SIGN_STYLE = Automatic;
				HEADER_SEARCH_PATHS = (
					/opt/homebrew/Cellar/glew/2.2.0_1/include,
					/opt/homebrew/Cellar/glfw/3.3.8/include,
					/Library/Developer/CommandLineTools/usr/include,
				);
				LIBRARY_SEARCH_PATHS = (
					"$(inherited)",
					/opt/homebrew/Cellar/glfw/3.3.8/lib,
				);
				PRODUCT_NAME = "$(TARGET_NAME)";
			};
			name = Debug;
		};
		11AD40A92AC5640F00AFD722 /* Release */ = {
			isa = XCBuildConfiguration;
			buildSettings = {
				CODE_SIGN_IDENTITY = "-";
				CODE_SIGN_STYLE = Automatic;
				HEADER_SEARCH_PATHS = (
					/opt/homebrew/Cellar/glew/2.2.0_1/include,
					/opt/homebrew/Cellar/glfw/3.3.8/include,
					/Library/Developer/CommandLineTools/usr/include,
				);
				LIBRARY_SEARCH_PATHS = (
					"$(inherited)",
					/opt/homebrew/Cellar/glfw/3.3.8/lib,
				);
				PRODUCT_NAME = "$(TARGET_NAME)";
			};
			name = Release;
		};
		11D320A02AC33CAC00A19363 /* Debug */ = {
			isa = XCBuildConfiguration;
			buildSettings = {
				CODE_SIGN_IDENTITY = "-";
				CODE_SIGN_STYLE = Automatic;
				HEADER_SEARCH_PATHS = (
					/opt/homebrew/Cellar/glew/2.2.0_1/include,
					/opt/homebrew/Cellar/glfw/3.3.8/include,
					/Library/Developer/CommandLineTools/usr/include,
				);
				LIBRARY_SEARCH_PATHS = (
					"$(inherited)",
					/opt/homebrew/Cellar/glfw/3.3.8/lib,
				);
				PRODUCT_NAME = "$(TARGET_NAME)";
			};
			name = Debug;
		};
		11D320A12AC33CAC00A19363 /* Release */ = {
			isa = XCBuildConfiguration;
			buildSettings = {
				CODE_SIGN_IDENTITY = "-";
				CODE_SIGN_STYLE = Automatic;
				HEADER_SEARCH_PATHS = (
					/opt/homebrew/Cellar/glew/2.2.0_1/include,
					/opt/homebrew/Cellar/glfw/3.3.8/include,
					/Library/Developer/CommandLineTools/usr/include,
				);
				LIBRARY_SEARCH_PATHS = (
					"$(inherited)",
					/opt/homebrew/Cellar/glfw/3.3.8/lib,
				);
				PRODUCT_NAME = "$(TARGET_NAME)";
			};
			name = Release;
		};
/* End XCBuildConfiguration section */

/* Begin XCConfigurationList section */
		11444B512AC5B47F00E1EC2A /* Build configuration list for PBXNativeTarget "ch02-2" */ = {
			isa = XCConfigurationList;
			buildConfigurations = (
				11444B522AC5B47F00E1EC2A /* Debug */,
				11444B532AC5B47F00E1EC2A /* Release */,
			);
			defaultConfigurationIsVisible = 0;
			defaultConfigurationName = Release;
		};
		116749D02AC683F2000D4877 /* Build configuration list for PBXNativeTarget "ch02-3" */ = {
			isa = XCConfigurationList;
			buildConfigurations = (
				116749D12AC683F2000D4877 /* Debug */,
				116749D22AC683F2000D4877 /* Release */,
			);
			defaultConfigurationIsVisible = 0;
			defaultConfigurationName = Release;
		};
		116749E22AC686FE000D4877 /* Build configuration list for PBXNativeTarget "ch02-4" */ = {
			isa = XCConfigurationList;
			buildConfigurations = (
				116749E32AC686FE000D4877 /* Debug */,
				116749E42AC686FE000D4877 /* Release */,
			);
			defaultConfigurationIsVisible = 0;
			defaultConfigurationName = Release;
		};
		116749F32AC68CEA000D4877 /* Build configuration list for PBXNativeTarget "ch02-5" */ = {
			isa = XCConfigurationList;
			buildConfigurations = (
				116749F42AC68CEA000D4877 /* Debug */,
				116749F52AC68CEA000D4877 /* Release */,
			);
			defaultConfigurationIsVisible = 0;
			defaultConfigurationName = Release;
		};
		11674A092AC6A734000D4877 /* Build configuration list for PBXNativeTarget "ch02-6" */ = {
			isa = XCConfigurationList;
			buildConfigurations = (
				11674A0A2AC6A734000D4877 /* Debug */,
				11674A0B2AC6A734000D4877 /* Release */,
			);
			defaultConfigurationIsVisible = 0;
			defaultConfigurationName = Release;
		};
		117AB8922AA9FC7700F17CCF /* Build configuration list for PBXProject "graphics-start" */ = {
			isa = XCConfigurationList;
			buildConfigurations = (
				117AB89C2AA9FC7700F17CCF /* Debug */,
				117AB89D2AA9FC7700F17CCF /* Release */,
			);
			defaultConfigurationIsVisible = 0;
			defaultConfigurationName = Release;
		};
		117AB89E2AA9FC7700F17CCF /* Build configuration list for PBXNativeTarget "graphics-start" */ = {
			isa = XCConfigurationList;
			buildConfigurations = (
				117AB89F2AA9FC7700F17CCF /* Debug */,
				117AB8A02AA9FC7700F17CCF /* Release */,
			);
			defaultConfigurationIsVisible = 0;
			defaultConfigurationName = Release;
		};
		11AD40A72AC5640F00AFD722 /* Build configuration list for PBXNativeTarget "ch02" */ = {
			isa = XCConfigurationList;
			buildConfigurations = (
				11AD40A82AC5640F00AFD722 /* Debug */,
				11AD40A92AC5640F00AFD722 /* Release */,
			);
			defaultConfigurationIsVisible = 0;
			defaultConfigurationName = Release;
		};
		11D3209F2AC33CAC00A19363 /* Build configuration list for PBXNativeTarget "ch01" */ = {
			isa = XCConfigurationList;
			buildConfigurations = (
				11D320A02AC33CAC00A19363 /* Debug */,
				11D320A12AC33CAC00A19363 /* Release */,
			);
			defaultConfigurationIsVisible = 0;
			defaultConfigurationName = Release;
		};
/* End XCConfigurationList section */
	};
	rootObject = 117AB88F2AA9FC7700F17CCF /* Project object */;
}
